// !$*UTF8*$!
{
	archiveVersion = 1;
	classes = {
	};
	objectVersion = 56;
	objects = {

/* Begin PBXBuildFile section */
		0D73AC9325DB8CB5000D73CA /* AmityPostThumbsupTableViewCell.swift in Sources */ = {isa = PBXBuildFile; fileRef = 0D73AC8B25DB8CB5000D73CA /* AmityPostThumbsupTableViewCell.swift */; };
		0D73AC9425DB8CB5000D73CA /* AmityPostThumbsupTableViewCell.xib in Resources */ = {isa = PBXBuildFile; fileRef = 0D73AC8C25DB8CB5000D73CA /* AmityPostThumbsupTableViewCell.xib */; };
		0D73AC9525DB8CB5000D73CA /* AmityPostBirthdayTableViewCell.swift in Sources */ = {isa = PBXBuildFile; fileRef = 0D73AC8E25DB8CB5000D73CA /* AmityPostBirthdayTableViewCell.swift */; };
		0D73AC9625DB8CB5000D73CA /* AmityPostBirthdayTableViewCell.xib in Resources */ = {isa = PBXBuildFile; fileRef = 0D73AC8F25DB8CB5000D73CA /* AmityPostBirthdayTableViewCell.xib */; };
		0D73AC9725DB8CB5000D73CA /* AmityPostNewJoinerTableViewCell.xib in Resources */ = {isa = PBXBuildFile; fileRef = 0D73AC9125DB8CB5000D73CA /* AmityPostNewJoinerTableViewCell.xib */; };
		0D73AC9825DB8CB5000D73CA /* AmityPostNewJoinerTableViewCell.swift in Sources */ = {isa = PBXBuildFile; fileRef = 0D73AC9225DB8CB5000D73CA /* AmityPostNewJoinerTableViewCell.swift */; };
		0D73AC9E25DB9332000D73CA /* BirthdayPostComponent.swift in Sources */ = {isa = PBXBuildFile; fileRef = 0D73AC9D25DB9332000D73CA /* BirthdayPostComponent.swift */; };
		0D73ACA425DB93A2000D73CA /* ThumbsupPostComponent.swift in Sources */ = {isa = PBXBuildFile; fileRef = 0D73ACA325DB93A2000D73CA /* ThumbsupPostComponent.swift */; };
		0D73ACA825DB9423000D73CA /* NewJoinerPostComponent.swift in Sources */ = {isa = PBXBuildFile; fileRef = 0D73ACA725DB9423000D73CA /* NewJoinerPostComponent.swift */; };
		0D8FFC2925DCBFD900943538 /* AmityCustomFooterTableViewCell.swift in Sources */ = {isa = PBXBuildFile; fileRef = 0D8FFC2725DCBFD900943538 /* AmityCustomFooterTableViewCell.swift */; };
		0D8FFC2A25DCBFD900943538 /* AmityCustomFooterTableViewCell.xib in Resources */ = {isa = PBXBuildFile; fileRef = 0D8FFC2825DCBFD900943538 /* AmityCustomFooterTableViewCell.xib */; };
		7214C9CB2632BE5500192BB3 /* UserLevelPushNotificationsTableViewController.swift in Sources */ = {isa = PBXBuildFile; fileRef = 7214C9CA2632BE5500192BB3 /* UserLevelPushNotificationsTableViewController.swift */; };
		7214C9D72632C0AD00192BB3 /* NotificationModuleTableViewCell.swift in Sources */ = {isa = PBXBuildFile; fileRef = 7214C9D62632C0AD00192BB3 /* NotificationModuleTableViewCell.swift */; };
		7214C9DB2632C0D500192BB3 /* SwitchTableViewCell.swift in Sources */ = {isa = PBXBuildFile; fileRef = 7214C9DA2632C0D500192BB3 /* SwitchTableViewCell.swift */; };
		721AF3C426088849005BA15F /* CustomEventHandler.swift in Sources */ = {isa = PBXBuildFile; fileRef = 721AF3C326088849005BA15F /* CustomEventHandler.swift */; };
		721AF3CA26088884005BA15F /* CustomFeedEventHandler.swift in Sources */ = {isa = PBXBuildFile; fileRef = 721AF3C926088884005BA15F /* CustomFeedEventHandler.swift */; };
		724C25F4274CE38B0058B066 /* SamplePageViewController.swift in Sources */ = {isa = PBXBuildFile; fileRef = 724C25F3274CE38B0058B066 /* SamplePageViewController.swift */; };
		7288E96C2630139E004535DD /* AppManager.swift in Sources */ = {isa = PBXBuildFile; fileRef = 7288E96B2630139E004535DD /* AppManager.swift */; };
		729CAF3E273CC8ED000AE162 /* Binding+Extension.swift in Sources */ = {isa = PBXBuildFile; fileRef = 729CAF3D273CC8ED000AE162 /* Binding+Extension.swift */; };
		729CAF42273CC95B000AE162 /* EndpointManager.swift in Sources */ = {isa = PBXBuildFile; fileRef = 729CAF41273CC95B000AE162 /* EndpointManager.swift */; };
		72AACE0B273931F100E59D55 /* EndpointsView.swift in Sources */ = {isa = PBXBuildFile; fileRef = 72AACE0A273931F100E59D55 /* EndpointsView.swift */; };
		97029C0F29DD160D0056196D /* AdvertisementViewController.swift in Sources */ = {isa = PBXBuildFile; fileRef = 97029C0E29DD160D0056196D /* AdvertisementViewController.swift */; };
		97029C1229DD19D20056196D /* Advertisement.swift in Sources */ = {isa = PBXBuildFile; fileRef = 97029C1129DD19D20056196D /* Advertisement.swift */; };
		97029C1A29DD33CA0056196D /* user.json in Resources */ = {isa = PBXBuildFile; fileRef = 97029C1929DD33CA0056196D /* user.json */; };
		97029C1E29DD3F570056196D /* AuthService.swift in Sources */ = {isa = PBXBuildFile; fileRef = 97029C1D29DD3F570056196D /* AuthService.swift */; };
		97029C2029DD3F660056196D /* Constant.swift in Sources */ = {isa = PBXBuildFile; fileRef = 97029C1F29DD3F660056196D /* Constant.swift */; };
		97029C2229DD3FED0056196D /* Product.swift in Sources */ = {isa = PBXBuildFile; fileRef = 97029C2129DD3FED0056196D /* Product.swift */; };
		97029C2429DD3FF40056196D /* Category.swift in Sources */ = {isa = PBXBuildFile; fileRef = 97029C2329DD3FF40056196D /* Category.swift */; };
		97029C2629DD40810056196D /* CodableBundleExtension.swift in Sources */ = {isa = PBXBuildFile; fileRef = 97029C2529DD40810056196D /* CodableBundleExtension.swift */; };
		97165B1C29EFAB7200FF6774 /* ProductViewController.swift in Sources */ = {isa = PBXBuildFile; fileRef = 97165B1B29EFAB7200FF6774 /* ProductViewController.swift */; };
		97165B1E29EFF32100FF6774 /* ProfileViewController.swift in Sources */ = {isa = PBXBuildFile; fileRef = 97165B1D29EFF32100FF6774 /* ProfileViewController.swift */; };
		9716998729F6A59A00DA7D7A /* UIViewController+BackButton+Extension.swift in Sources */ = {isa = PBXBuildFile; fileRef = 9716998629F6A59A00DA7D7A /* UIViewController+BackButton+Extension.swift */; };
		9729DB8329EEA5080085C0A4 /* ChatViewController.swift in Sources */ = {isa = PBXBuildFile; fileRef = 9729DB8229EEA5080085C0A4 /* ChatViewController.swift */; };
		9733103429ED225200A4CA30 /* UIImageView+Extension.swift in Sources */ = {isa = PBXBuildFile; fileRef = 9733103329ED225200A4CA30 /* UIImageView+Extension.swift */; };
		9733103629ED495900A4CA30 /* User.swift in Sources */ = {isa = PBXBuildFile; fileRef = 9733103529ED495900A4CA30 /* User.swift */; };
		9733103829ED4AE400A4CA30 /* advertisement.json in Resources */ = {isa = PBXBuildFile; fileRef = 9733103729ED4AE400A4CA30 /* advertisement.json */; };
		9739653D29F55F5400C6F915 /* ProductColor.swift in Sources */ = {isa = PBXBuildFile; fileRef = 9739653C29F55F5400C6F915 /* ProductColor.swift */; };
		97506D9E29F3CBE000DB09A6 /* ProductDetailViewController.swift in Sources */ = {isa = PBXBuildFile; fileRef = 97506D9D29F3CBE000DB09A6 /* ProductDetailViewController.swift */; };
		97506DA029F4340C00DB09A6 /* ReviewsViewController.swift in Sources */ = {isa = PBXBuildFile; fileRef = 97506D9F29F4340C00DB09A6 /* ReviewsViewController.swift */; };
		97506DA329F437F400DB09A6 /* ReviewCollectionViewCell.swift in Sources */ = {isa = PBXBuildFile; fileRef = 97506DA129F437F400DB09A6 /* ReviewCollectionViewCell.swift */; };
		97506DA429F437F400DB09A6 /* ReviewCollectionViewCell.xib in Resources */ = {isa = PBXBuildFile; fileRef = 97506DA229F437F400DB09A6 /* ReviewCollectionViewCell.xib */; };
		976D7A2B29EBE48700009754 /* CategoryCollectionViewCell.swift in Sources */ = {isa = PBXBuildFile; fileRef = 976D7A2929EBE48700009754 /* CategoryCollectionViewCell.swift */; };
		976D7A2C29EBE48700009754 /* CategoryCollectionViewCell.xib in Resources */ = {isa = PBXBuildFile; fileRef = 976D7A2A29EBE48700009754 /* CategoryCollectionViewCell.xib */; };
		9771B29129EC2B24007920E2 /* ProductCollectionViewCell.swift in Sources */ = {isa = PBXBuildFile; fileRef = 9771B29029EC2B24007920E2 /* ProductCollectionViewCell.swift */; };
		9771B29329EC2B2C007920E2 /* ProductCollectionViewCell.xib in Resources */ = {isa = PBXBuildFile; fileRef = 9771B29229EC2B2C007920E2 /* ProductCollectionViewCell.xib */; };
		97733A0B29DBC88000041A0A /* HomeViewController.swift in Sources */ = {isa = PBXBuildFile; fileRef = 97733A0A29DBC88000041A0A /* HomeViewController.swift */; };
		97733A0E29DBC94700041A0A /* HomeViewModel.swift in Sources */ = {isa = PBXBuildFile; fileRef = 97733A0D29DBC94700041A0A /* HomeViewModel.swift */; };
		97AA7B8A29DAB88E002BCF09 /* AmityUIKit.xcframework in Frameworks */ = {isa = PBXBuildFile; fileRef = 97AA7B8829DAB83A002BCF09 /* AmityUIKit.xcframework */; };
		97AFE9E729F453DE00BD2005 /* Review.swift in Sources */ = {isa = PBXBuildFile; fileRef = 97AFE9E629F453DE00BD2005 /* Review.swift */; };
		97AFE9E929F4DF0000BD2005 /* Date+Extension.swift in Sources */ = {isa = PBXBuildFile; fileRef = 97AFE9E829F4DF0000BD2005 /* Date+Extension.swift */; };
		97AFE9F029F4FBD900BD2005 /* ProductDetailImagesCollectionViewCell.xib in Resources */ = {isa = PBXBuildFile; fileRef = 97AFE9EF29F4FBD900BD2005 /* ProductDetailImagesCollectionViewCell.xib */; };
		97AFE9F229F502C400BD2005 /* Int+Extension.swift in Sources */ = {isa = PBXBuildFile; fileRef = 97AFE9F129F502C400BD2005 /* Int+Extension.swift */; };
		97AFEA2629F5160A00BD2005 /* Mulish-Medium.ttf in Resources */ = {isa = PBXBuildFile; fileRef = 97AFE9F629F5160900BD2005 /* Mulish-Medium.ttf */; };
		97AFEA2A29F5160A00BD2005 /* JetBrainsMono-SemiBold.ttf in Resources */ = {isa = PBXBuildFile; fileRef = 97AFE9FA29F5160900BD2005 /* JetBrainsMono-SemiBold.ttf */; };
		97AFEA3529F5160A00BD2005 /* Mulish-Bold.ttf in Resources */ = {isa = PBXBuildFile; fileRef = 97AFEA0529F5160900BD2005 /* Mulish-Bold.ttf */; };
		97AFEA3929F5160A00BD2005 /* JetBrainsMono-Regular.ttf in Resources */ = {isa = PBXBuildFile; fileRef = 97AFEA0929F5160900BD2005 /* JetBrainsMono-Regular.ttf */; };
		97AFEA3A29F5160A00BD2005 /* Mulish-ExtraBold.ttf in Resources */ = {isa = PBXBuildFile; fileRef = 97AFEA0A29F5160900BD2005 /* Mulish-ExtraBold.ttf */; };
		97AFEA3D29F5160A00BD2005 /* JetBrainsMono-Bold.ttf in Resources */ = {isa = PBXBuildFile; fileRef = 97AFEA0D29F5160900BD2005 /* JetBrainsMono-Bold.ttf */; };
		97AFEA4429F5160A00BD2005 /* JetBrainsMono-ExtraBold.ttf in Resources */ = {isa = PBXBuildFile; fileRef = 97AFEA1429F5160900BD2005 /* JetBrainsMono-ExtraBold.ttf */; };
		97AFEA4829F5160A00BD2005 /* JetBrainsMono-Medium.ttf in Resources */ = {isa = PBXBuildFile; fileRef = 97AFEA1829F5160A00BD2005 /* JetBrainsMono-Medium.ttf */; };
		97AFEA5129F5160A00BD2005 /* Mulish-Regular.ttf in Resources */ = {isa = PBXBuildFile; fileRef = 97AFEA2129F5160A00BD2005 /* Mulish-Regular.ttf */; };
		97AFEA5229F5160A00BD2005 /* Mulish-SemiBold.ttf in Resources */ = {isa = PBXBuildFile; fileRef = 97AFEA2229F5160A00BD2005 /* Mulish-SemiBold.ttf */; };
		97CC4B8929ED5CA600EFE38B /* CommunityViewController.swift in Sources */ = {isa = PBXBuildFile; fileRef = 97CC4B8829ED5CA600EFE38B /* CommunityViewController.swift */; };
		97CC4B8B29ED63B500EFE38B /* VinFastManager.swift in Sources */ = {isa = PBXBuildFile; fileRef = 97CC4B8A29ED63B500EFE38B /* VinFastManager.swift */; };
		97CC4B8D29ED667E00EFE38B /* AmityEndpoint.swift in Sources */ = {isa = PBXBuildFile; fileRef = 97CC4B8C29ED667E00EFE38B /* AmityEndpoint.swift */; };
		97D346B129EBF41600F31762 /* category.json in Resources */ = {isa = PBXBuildFile; fileRef = 97029C1B29DD343B0056196D /* category.json */; };
		97D346B229EBF41B00F31762 /* product.json in Resources */ = {isa = PBXBuildFile; fileRef = 97029C1C29DD35360056196D /* product.json */; };
		97DB711629F64D2600B7D639 /* ColorFilterCollectionViewCell.xib in Resources */ = {isa = PBXBuildFile; fileRef = 97DB711529F64D2600B7D639 /* ColorFilterCollectionViewCell.xib */; };
		97DB711829F6503900B7D639 /* String+UIColor+Extension.swift in Sources */ = {isa = PBXBuildFile; fileRef = 97DB711729F6503900B7D639 /* String+UIColor+Extension.swift */; };
		97DB711B29F6565600B7D639 /* ColorFilterCollectionViewCell.swift in Sources */ = {isa = PBXBuildFile; fileRef = 97DB711929F6565600B7D639 /* ColorFilterCollectionViewCell.swift */; };
		97DB711C29F6565600B7D639 /* ProductDetailImagesCollectionViewCell.swift in Sources */ = {isa = PBXBuildFile; fileRef = 97DB711A29F6565600B7D639 /* ProductDetailImagesCollectionViewCell.swift */; };
		97F101F526A69FBF00AD84A1 /* CustomChannelEventHandler.swift in Sources */ = {isa = PBXBuildFile; fileRef = 97F101F426A69FBF00AD84A1 /* CustomChannelEventHandler.swift */; };
		A03190A7272169C1008A85DC /* PostCreatorSettingsPage.swift in Sources */ = {isa = PBXBuildFile; fileRef = A03190A6272169C1008A85DC /* PostCreatorSettingsPage.swift */; };
		B72861D924C573B100ECC563 /* TabbarViewController.swift in Sources */ = {isa = PBXBuildFile; fileRef = B72861D824C573B100ECC563 /* TabbarViewController.swift */; };
		B72CDA3B256B9BEB00F7CAC3 /* CustomMessageTextIncomingTableViewCell.swift in Sources */ = {isa = PBXBuildFile; fileRef = B72CDA39256B9BEB00F7CAC3 /* CustomMessageTextIncomingTableViewCell.swift */; };
		B72CDA3C256B9BEB00F7CAC3 /* CustomMessageTextIncomingTableViewCell.xib in Resources */ = {isa = PBXBuildFile; fileRef = B72CDA3A256B9BEB00F7CAC3 /* CustomMessageTextIncomingTableViewCell.xib */; };
		B74ADE5E24F3B026009C86DA /* UserDefaults.swift in Sources */ = {isa = PBXBuildFile; fileRef = B74ADE5D24F3B026009C86DA /* UserDefaults.swift */; };
		B754DBEC24C6F6B5005A8282 /* SettingViewController.swift in Sources */ = {isa = PBXBuildFile; fileRef = B754DBEB24C6F6B5005A8282 /* SettingViewController.swift */; };
		B754DBEE24C6F6BB005A8282 /* RegisterViewController.swift in Sources */ = {isa = PBXBuildFile; fileRef = B754DBED24C6F6BB005A8282 /* RegisterViewController.swift */; };
		B78DA47924BED7D300EE902B /* AppDelegate.swift in Sources */ = {isa = PBXBuildFile; fileRef = B78DA47824BED7D300EE902B /* AppDelegate.swift */; };
		B78DA47B24BED7D300EE902B /* SceneDelegate.swift in Sources */ = {isa = PBXBuildFile; fileRef = B78DA47A24BED7D300EE902B /* SceneDelegate.swift */; };
		B78DA48024BED7D300EE902B /* Main.storyboard in Resources */ = {isa = PBXBuildFile; fileRef = B78DA47E24BED7D300EE902B /* Main.storyboard */; };
		B78DA48224BED7DA00EE902B /* Assets.xcassets in Resources */ = {isa = PBXBuildFile; fileRef = B78DA48124BED7DA00EE902B /* Assets.xcassets */; };
		B78DA48524BED7DA00EE902B /* LaunchScreen.storyboard in Resources */ = {isa = PBXBuildFile; fileRef = B78DA48324BED7DA00EE902B /* LaunchScreen.storyboard */; };
		B78DA49024BED7DA00EE902B /* VinFastTests.swift in Sources */ = {isa = PBXBuildFile; fileRef = B78DA48F24BED7DA00EE902B /* VinFastTests.swift */; };
		B78DA49B24BED7DA00EE902B /* VinFastUITests.swift in Sources */ = {isa = PBXBuildFile; fileRef = B78DA49A24BED7DA00EE902B /* VinFastUITests.swift */; };
		B78DA4AF24BED89000EE902B /* FeatureViewController.swift in Sources */ = {isa = PBXBuildFile; fileRef = B78DA4AE24BED89000EE902B /* FeatureViewController.swift */; };
		B78DA4B124BEDBC500EE902B /* CommunityFeatureViewController.swift in Sources */ = {isa = PBXBuildFile; fileRef = B78DA4B024BEDBC500EE902B /* CommunityFeatureViewController.swift */; };
		B78DA4B324BEDBD100EE902B /* ChatFeatureViewController.swift in Sources */ = {isa = PBXBuildFile; fileRef = B78DA4B224BEDBD100EE902B /* ChatFeatureViewController.swift */; };
		B78FC54024CAAA2F0083CBB4 /* UserDefault.swift in Sources */ = {isa = PBXBuildFile; fileRef = B78FC53D24CAAA2F0083CBB4 /* UserDefault.swift */; };
		B78FC54124CAAA2F0083CBB4 /* Theme.swift in Sources */ = {isa = PBXBuildFile; fileRef = B78FC53F24CAAA2F0083CBB4 /* Theme.swift */; };
		D495077425E637C1005C033F /* DataListViewController.swift in Sources */ = {isa = PBXBuildFile; fileRef = D495077325E637C1005C033F /* DataListViewController.swift */; };
		D4AFF1CE25ECE8AD002C001C /* PostPreviewTableViewCell.xib in Resources */ = {isa = PBXBuildFile; fileRef = D4AFF1CC25ECE8AD002C001C /* PostPreviewTableViewCell.xib */; };
		D4AFF1CF25ECE8AD002C001C /* PostPreviewTableViewCell.swift in Sources */ = {isa = PBXBuildFile; fileRef = D4AFF1CD25ECE8AD002C001C /* PostPreviewTableViewCell.swift */; };
		D4AFF23225ED1E7C002C001C /* GlobalPostsFeedViewController.swift in Sources */ = {isa = PBXBuildFile; fileRef = D4AFF23125ED1E7C002C001C /* GlobalPostsFeedViewController.swift */; };
		D4AFF23625ED1F88002C001C /* GlobalPostsDataSource.swift in Sources */ = {isa = PBXBuildFile; fileRef = D4AFF23525ED1F88002C001C /* GlobalPostsDataSource.swift */; };
/* End PBXBuildFile section */

/* Begin PBXContainerItemProxy section */
		B78DA48C24BED7DA00EE902B /* PBXContainerItemProxy */ = {
			isa = PBXContainerItemProxy;
			containerPortal = B78DA46D24BED7D300EE902B /* Project object */;
			proxyType = 1;
			remoteGlobalIDString = B78DA47424BED7D300EE902B;
			remoteInfo = SampleApp;
		};
		B78DA49724BED7DA00EE902B /* PBXContainerItemProxy */ = {
			isa = PBXContainerItemProxy;
			containerPortal = B78DA46D24BED7D300EE902B /* Project object */;
			proxyType = 1;
			remoteGlobalIDString = B78DA47424BED7D300EE902B;
			remoteInfo = SampleApp;
		};
/* End PBXContainerItemProxy section */

/* Begin PBXCopyFilesBuildPhase section */
		A052EAF42577A6B700FF9312 /* Embed Frameworks */ = {
			isa = PBXCopyFilesBuildPhase;
			buildActionMask = 2147483647;
			dstPath = "";
			dstSubfolderSpec = 10;
			files = (
			);
			name = "Embed Frameworks";
			runOnlyForDeploymentPostprocessing = 0;
		};
/* End PBXCopyFilesBuildPhase section */

/* Begin PBXFileReference section */
		0D73AC8B25DB8CB5000D73CA /* AmityPostThumbsupTableViewCell.swift */ = {isa = PBXFileReference; fileEncoding = 4; lastKnownFileType = sourcecode.swift; path = AmityPostThumbsupTableViewCell.swift; sourceTree = "<group>"; };
		0D73AC8C25DB8CB5000D73CA /* AmityPostThumbsupTableViewCell.xib */ = {isa = PBXFileReference; fileEncoding = 4; lastKnownFileType = file.xib; path = AmityPostThumbsupTableViewCell.xib; sourceTree = "<group>"; };
		0D73AC8E25DB8CB5000D73CA /* AmityPostBirthdayTableViewCell.swift */ = {isa = PBXFileReference; fileEncoding = 4; lastKnownFileType = sourcecode.swift; path = AmityPostBirthdayTableViewCell.swift; sourceTree = "<group>"; };
		0D73AC8F25DB8CB5000D73CA /* AmityPostBirthdayTableViewCell.xib */ = {isa = PBXFileReference; fileEncoding = 4; lastKnownFileType = file.xib; path = AmityPostBirthdayTableViewCell.xib; sourceTree = "<group>"; };
		0D73AC9125DB8CB5000D73CA /* AmityPostNewJoinerTableViewCell.xib */ = {isa = PBXFileReference; fileEncoding = 4; lastKnownFileType = file.xib; path = AmityPostNewJoinerTableViewCell.xib; sourceTree = "<group>"; };
		0D73AC9225DB8CB5000D73CA /* AmityPostNewJoinerTableViewCell.swift */ = {isa = PBXFileReference; fileEncoding = 4; lastKnownFileType = sourcecode.swift; path = AmityPostNewJoinerTableViewCell.swift; sourceTree = "<group>"; };
		0D73AC9D25DB9332000D73CA /* BirthdayPostComponent.swift */ = {isa = PBXFileReference; lastKnownFileType = sourcecode.swift; path = BirthdayPostComponent.swift; sourceTree = "<group>"; };
		0D73ACA325DB93A2000D73CA /* ThumbsupPostComponent.swift */ = {isa = PBXFileReference; lastKnownFileType = sourcecode.swift; path = ThumbsupPostComponent.swift; sourceTree = "<group>"; };
		0D73ACA725DB9423000D73CA /* NewJoinerPostComponent.swift */ = {isa = PBXFileReference; lastKnownFileType = sourcecode.swift; path = NewJoinerPostComponent.swift; sourceTree = "<group>"; };
		0D8FFC2725DCBFD900943538 /* AmityCustomFooterTableViewCell.swift */ = {isa = PBXFileReference; lastKnownFileType = sourcecode.swift; path = AmityCustomFooterTableViewCell.swift; sourceTree = "<group>"; };
		0D8FFC2825DCBFD900943538 /* AmityCustomFooterTableViewCell.xib */ = {isa = PBXFileReference; lastKnownFileType = file.xib; path = AmityCustomFooterTableViewCell.xib; sourceTree = "<group>"; };
		688F8617299E409B000FE6E7 /* SharedFrameworks */ = {isa = PBXFileReference; lastKnownFileType = wrapper; name = SharedFrameworks; path = ../SharedFrameworks; sourceTree = "<group>"; };
		68EF84A629B077E700C7EDEC /* RealmSwift.xcframework */ = {isa = PBXFileReference; lastKnownFileType = wrapper.xcframework; name = RealmSwift.xcframework; path = ../Shared/RealmSwift.xcframework; sourceTree = "<group>"; };
		7214C9CA2632BE5500192BB3 /* UserLevelPushNotificationsTableViewController.swift */ = {isa = PBXFileReference; lastKnownFileType = sourcecode.swift; path = UserLevelPushNotificationsTableViewController.swift; sourceTree = "<group>"; };
		7214C9D62632C0AD00192BB3 /* NotificationModuleTableViewCell.swift */ = {isa = PBXFileReference; lastKnownFileType = sourcecode.swift; path = NotificationModuleTableViewCell.swift; sourceTree = "<group>"; };
		7214C9DA2632C0D500192BB3 /* SwitchTableViewCell.swift */ = {isa = PBXFileReference; lastKnownFileType = sourcecode.swift; path = SwitchTableViewCell.swift; sourceTree = "<group>"; };
		721AF3C326088849005BA15F /* CustomEventHandler.swift */ = {isa = PBXFileReference; lastKnownFileType = sourcecode.swift; path = CustomEventHandler.swift; sourceTree = "<group>"; };
		721AF3C926088884005BA15F /* CustomFeedEventHandler.swift */ = {isa = PBXFileReference; lastKnownFileType = sourcecode.swift; path = CustomFeedEventHandler.swift; sourceTree = "<group>"; };
		72363461260877D600CEB2B5 /* VinFast.entitlements */ = {isa = PBXFileReference; lastKnownFileType = text.plist.entitlements; path = VinFast.entitlements; sourceTree = "<group>"; };
		724C25F3274CE38B0058B066 /* SamplePageViewController.swift */ = {isa = PBXFileReference; lastKnownFileType = sourcecode.swift; path = SamplePageViewController.swift; sourceTree = "<group>"; };
		7288E96B2630139E004535DD /* AppManager.swift */ = {isa = PBXFileReference; lastKnownFileType = sourcecode.swift; path = AppManager.swift; sourceTree = "<group>"; };
		729CAF3D273CC8ED000AE162 /* Binding+Extension.swift */ = {isa = PBXFileReference; lastKnownFileType = sourcecode.swift; path = "Binding+Extension.swift"; sourceTree = "<group>"; };
		729CAF41273CC95B000AE162 /* EndpointManager.swift */ = {isa = PBXFileReference; lastKnownFileType = sourcecode.swift; path = EndpointManager.swift; sourceTree = "<group>"; };
		72AACE0A273931F100E59D55 /* EndpointsView.swift */ = {isa = PBXFileReference; lastKnownFileType = sourcecode.swift; path = EndpointsView.swift; sourceTree = "<group>"; };
		97029C0E29DD160D0056196D /* AdvertisementViewController.swift */ = {isa = PBXFileReference; lastKnownFileType = sourcecode.swift; path = AdvertisementViewController.swift; sourceTree = "<group>"; };
		97029C1129DD19D20056196D /* Advertisement.swift */ = {isa = PBXFileReference; lastKnownFileType = sourcecode.swift; path = Advertisement.swift; sourceTree = "<group>"; };
		97029C1929DD33CA0056196D /* user.json */ = {isa = PBXFileReference; explicitFileType = text.json; fileEncoding = 4; path = user.json; sourceTree = "<group>"; };
		97029C1B29DD343B0056196D /* category.json */ = {isa = PBXFileReference; explicitFileType = text.json; fileEncoding = 4; path = category.json; sourceTree = "<group>"; };
		97029C1C29DD35360056196D /* product.json */ = {isa = PBXFileReference; fileEncoding = 4; lastKnownFileType = text.json; name = product.json; path = "/Users/ngminhloc/Desktop/swift-projects/VinFast-iOS/UpstraUIKit/VinFast/VinFast/Data/product.json"; sourceTree = "<absolute>"; };
		97029C1D29DD3F570056196D /* AuthService.swift */ = {isa = PBXFileReference; lastKnownFileType = sourcecode.swift; path = AuthService.swift; sourceTree = "<group>"; };
		97029C1F29DD3F660056196D /* Constant.swift */ = {isa = PBXFileReference; lastKnownFileType = sourcecode.swift; path = Constant.swift; sourceTree = "<group>"; };
		97029C2129DD3FED0056196D /* Product.swift */ = {isa = PBXFileReference; lastKnownFileType = sourcecode.swift; path = Product.swift; sourceTree = "<group>"; };
		97029C2329DD3FF40056196D /* Category.swift */ = {isa = PBXFileReference; lastKnownFileType = sourcecode.swift; path = Category.swift; sourceTree = "<group>"; };
		97029C2529DD40810056196D /* CodableBundleExtension.swift */ = {isa = PBXFileReference; lastKnownFileType = sourcecode.swift; path = CodableBundleExtension.swift; sourceTree = "<group>"; };
		97165B1B29EFAB7200FF6774 /* ProductViewController.swift */ = {isa = PBXFileReference; lastKnownFileType = sourcecode.swift; path = ProductViewController.swift; sourceTree = "<group>"; };
		97165B1D29EFF32100FF6774 /* ProfileViewController.swift */ = {isa = PBXFileReference; lastKnownFileType = sourcecode.swift; path = ProfileViewController.swift; sourceTree = "<group>"; };
		9716998629F6A59A00DA7D7A /* UIViewController+BackButton+Extension.swift */ = {isa = PBXFileReference; lastKnownFileType = sourcecode.swift; path = "UIViewController+BackButton+Extension.swift"; sourceTree = "<group>"; };
		9729DB8229EEA5080085C0A4 /* ChatViewController.swift */ = {isa = PBXFileReference; lastKnownFileType = sourcecode.swift; path = ChatViewController.swift; sourceTree = "<group>"; };
		9733103329ED225200A4CA30 /* UIImageView+Extension.swift */ = {isa = PBXFileReference; lastKnownFileType = sourcecode.swift; path = "UIImageView+Extension.swift"; sourceTree = "<group>"; };
		9733103529ED495900A4CA30 /* User.swift */ = {isa = PBXFileReference; lastKnownFileType = sourcecode.swift; path = User.swift; sourceTree = "<group>"; };
		9733103729ED4AE400A4CA30 /* advertisement.json */ = {isa = PBXFileReference; fileEncoding = 4; lastKnownFileType = text.json; name = advertisement.json; path = "/Users/ngminhloc/Desktop/swift-projects/VinFast-iOS/UpstraUIKit/VinFast/VinFast/Data/advertisement.json"; sourceTree = "<absolute>"; };
		9739653C29F55F5400C6F915 /* ProductColor.swift */ = {isa = PBXFileReference; lastKnownFileType = sourcecode.swift; path = ProductColor.swift; sourceTree = "<group>"; };
		97506D9D29F3CBE000DB09A6 /* ProductDetailViewController.swift */ = {isa = PBXFileReference; lastKnownFileType = sourcecode.swift; path = ProductDetailViewController.swift; sourceTree = "<group>"; };
		97506D9F29F4340C00DB09A6 /* ReviewsViewController.swift */ = {isa = PBXFileReference; lastKnownFileType = sourcecode.swift; path = ReviewsViewController.swift; sourceTree = "<group>"; };
		97506DA129F437F400DB09A6 /* ReviewCollectionViewCell.swift */ = {isa = PBXFileReference; fileEncoding = 4; lastKnownFileType = sourcecode.swift; path = ReviewCollectionViewCell.swift; sourceTree = "<group>"; };
		97506DA229F437F400DB09A6 /* ReviewCollectionViewCell.xib */ = {isa = PBXFileReference; fileEncoding = 4; lastKnownFileType = file.xib; path = ReviewCollectionViewCell.xib; sourceTree = "<group>"; };
		976D7A2929EBE48700009754 /* CategoryCollectionViewCell.swift */ = {isa = PBXFileReference; lastKnownFileType = sourcecode.swift; path = CategoryCollectionViewCell.swift; sourceTree = "<group>"; };
		976D7A2A29EBE48700009754 /* CategoryCollectionViewCell.xib */ = {isa = PBXFileReference; lastKnownFileType = file.xib; path = CategoryCollectionViewCell.xib; sourceTree = "<group>"; };
		9771B29029EC2B24007920E2 /* ProductCollectionViewCell.swift */ = {isa = PBXFileReference; fileEncoding = 4; lastKnownFileType = sourcecode.swift; path = ProductCollectionViewCell.swift; sourceTree = "<group>"; };
		9771B29229EC2B2C007920E2 /* ProductCollectionViewCell.xib */ = {isa = PBXFileReference; fileEncoding = 4; lastKnownFileType = file.xib; path = ProductCollectionViewCell.xib; sourceTree = "<group>"; };
		97733A0A29DBC88000041A0A /* HomeViewController.swift */ = {isa = PBXFileReference; lastKnownFileType = sourcecode.swift; path = HomeViewController.swift; sourceTree = "<group>"; };
		97733A0D29DBC94700041A0A /* HomeViewModel.swift */ = {isa = PBXFileReference; lastKnownFileType = sourcecode.swift; path = HomeViewModel.swift; sourceTree = "<group>"; };
		97AA7B8829DAB83A002BCF09 /* AmityUIKit.xcframework */ = {isa = PBXFileReference; lastKnownFileType = wrapper.xcframework; name = AmityUIKit.xcframework; path = "../../amity-uikit/AmityUIKit.xcframework"; sourceTree = "<group>"; };
		97AA7B8929DAB83A002BCF09 /* AmityUIKitLiveStream.xcframework */ = {isa = PBXFileReference; lastKnownFileType = wrapper.xcframework; name = AmityUIKitLiveStream.xcframework; path = "../../amity-uikit/AmityUIKitLiveStream.xcframework"; sourceTree = "<group>"; };
		97AFE9E629F453DE00BD2005 /* Review.swift */ = {isa = PBXFileReference; lastKnownFileType = sourcecode.swift; path = Review.swift; sourceTree = "<group>"; };
		97AFE9E829F4DF0000BD2005 /* Date+Extension.swift */ = {isa = PBXFileReference; lastKnownFileType = sourcecode.swift; path = "Date+Extension.swift"; sourceTree = "<group>"; };
		97AFE9EF29F4FBD900BD2005 /* ProductDetailImagesCollectionViewCell.xib */ = {isa = PBXFileReference; fileEncoding = 4; lastKnownFileType = file.xib; path = ProductDetailImagesCollectionViewCell.xib; sourceTree = "<group>"; };
		97AFE9F129F502C400BD2005 /* Int+Extension.swift */ = {isa = PBXFileReference; lastKnownFileType = sourcecode.swift; path = "Int+Extension.swift"; sourceTree = "<group>"; };
		97AFE9F629F5160900BD2005 /* Mulish-Medium.ttf */ = {isa = PBXFileReference; lastKnownFileType = file; path = "Mulish-Medium.ttf"; sourceTree = "<group>"; };
		97AFE9FA29F5160900BD2005 /* JetBrainsMono-SemiBold.ttf */ = {isa = PBXFileReference; lastKnownFileType = file; path = "JetBrainsMono-SemiBold.ttf"; sourceTree = "<group>"; };
		97AFEA0529F5160900BD2005 /* Mulish-Bold.ttf */ = {isa = PBXFileReference; lastKnownFileType = file; path = "Mulish-Bold.ttf"; sourceTree = "<group>"; };
		97AFEA0929F5160900BD2005 /* JetBrainsMono-Regular.ttf */ = {isa = PBXFileReference; lastKnownFileType = file; path = "JetBrainsMono-Regular.ttf"; sourceTree = "<group>"; };
		97AFEA0A29F5160900BD2005 /* Mulish-ExtraBold.ttf */ = {isa = PBXFileReference; lastKnownFileType = file; path = "Mulish-ExtraBold.ttf"; sourceTree = "<group>"; };
		97AFEA0D29F5160900BD2005 /* JetBrainsMono-Bold.ttf */ = {isa = PBXFileReference; lastKnownFileType = file; path = "JetBrainsMono-Bold.ttf"; sourceTree = "<group>"; };
		97AFEA1429F5160900BD2005 /* JetBrainsMono-ExtraBold.ttf */ = {isa = PBXFileReference; lastKnownFileType = file; path = "JetBrainsMono-ExtraBold.ttf"; sourceTree = "<group>"; };
		97AFEA1829F5160A00BD2005 /* JetBrainsMono-Medium.ttf */ = {isa = PBXFileReference; lastKnownFileType = file; path = "JetBrainsMono-Medium.ttf"; sourceTree = "<group>"; };
		97AFEA2129F5160A00BD2005 /* Mulish-Regular.ttf */ = {isa = PBXFileReference; lastKnownFileType = file; path = "Mulish-Regular.ttf"; sourceTree = "<group>"; };
		97AFEA2229F5160A00BD2005 /* Mulish-SemiBold.ttf */ = {isa = PBXFileReference; lastKnownFileType = file; path = "Mulish-SemiBold.ttf"; sourceTree = "<group>"; };
		97CC4B8229ED52FD00EFE38B /* vi */ = {isa = PBXFileReference; lastKnownFileType = text.plist.strings; name = vi; path = vi.lproj/Main.strings; sourceTree = "<group>"; };
		97CC4B8329ED52FD00EFE38B /* vi */ = {isa = PBXFileReference; lastKnownFileType = text.plist.strings; name = vi; path = vi.lproj/LaunchScreen.strings; sourceTree = "<group>"; };
		97CC4B8829ED5CA600EFE38B /* CommunityViewController.swift */ = {isa = PBXFileReference; lastKnownFileType = sourcecode.swift; path = CommunityViewController.swift; sourceTree = "<group>"; };
		97CC4B8A29ED63B500EFE38B /* VinFastManager.swift */ = {isa = PBXFileReference; lastKnownFileType = sourcecode.swift; path = VinFastManager.swift; sourceTree = "<group>"; };
		97CC4B8C29ED667E00EFE38B /* AmityEndpoint.swift */ = {isa = PBXFileReference; lastKnownFileType = sourcecode.swift; path = AmityEndpoint.swift; sourceTree = "<group>"; };
		97DB711529F64D2600B7D639 /* ColorFilterCollectionViewCell.xib */ = {isa = PBXFileReference; fileEncoding = 4; lastKnownFileType = file.xib; path = ColorFilterCollectionViewCell.xib; sourceTree = "<group>"; };
		97DB711729F6503900B7D639 /* String+UIColor+Extension.swift */ = {isa = PBXFileReference; lastKnownFileType = sourcecode.swift; path = "String+UIColor+Extension.swift"; sourceTree = "<group>"; };
		97DB711929F6565600B7D639 /* ColorFilterCollectionViewCell.swift */ = {isa = PBXFileReference; fileEncoding = 4; lastKnownFileType = sourcecode.swift; path = ColorFilterCollectionViewCell.swift; sourceTree = "<group>"; };
		97DB711A29F6565600B7D639 /* ProductDetailImagesCollectionViewCell.swift */ = {isa = PBXFileReference; fileEncoding = 4; lastKnownFileType = sourcecode.swift; path = ProductDetailImagesCollectionViewCell.swift; sourceTree = "<group>"; };
		97F101F426A69FBF00AD84A1 /* CustomChannelEventHandler.swift */ = {isa = PBXFileReference; lastKnownFileType = sourcecode.swift; path = CustomChannelEventHandler.swift; sourceTree = "<group>"; };
		A03190A6272169C1008A85DC /* PostCreatorSettingsPage.swift */ = {isa = PBXFileReference; lastKnownFileType = sourcecode.swift; path = PostCreatorSettingsPage.swift; sourceTree = "<group>"; };
		A0BD0B3E26DDE0020054088B /* AmityLiveVideoBroadcastKit.xcframework */ = {isa = PBXFileReference; lastKnownFileType = wrapper.xcframework; name = AmityLiveVideoBroadcastKit.xcframework; path = ../Shared/AmityLiveVideoBroadcastKit.xcframework; sourceTree = "<group>"; };
		A0BD0B3F26DDE0020054088B /* AmityVideoPlayerKit.xcframework */ = {isa = PBXFileReference; lastKnownFileType = wrapper.xcframework; name = AmityVideoPlayerKit.xcframework; path = ../Shared/AmityVideoPlayerKit.xcframework; sourceTree = "<group>"; };
		A0BD0B4026DDE0020054088B /* MobileVLCKit.xcframework */ = {isa = PBXFileReference; lastKnownFileType = wrapper.xcframework; name = MobileVLCKit.xcframework; path = ../Shared/MobileVLCKit.xcframework; sourceTree = "<group>"; };
		B72861D824C573B100ECC563 /* TabbarViewController.swift */ = {isa = PBXFileReference; lastKnownFileType = sourcecode.swift; path = TabbarViewController.swift; sourceTree = "<group>"; };
		B72CDA39256B9BEB00F7CAC3 /* CustomMessageTextIncomingTableViewCell.swift */ = {isa = PBXFileReference; lastKnownFileType = sourcecode.swift; path = CustomMessageTextIncomingTableViewCell.swift; sourceTree = "<group>"; };
		B72CDA3A256B9BEB00F7CAC3 /* CustomMessageTextIncomingTableViewCell.xib */ = {isa = PBXFileReference; lastKnownFileType = file.xib; path = CustomMessageTextIncomingTableViewCell.xib; sourceTree = "<group>"; };
		B74ADE5D24F3B026009C86DA /* UserDefaults.swift */ = {isa = PBXFileReference; lastKnownFileType = sourcecode.swift; path = UserDefaults.swift; sourceTree = "<group>"; };
		B754DBEB24C6F6B5005A8282 /* SettingViewController.swift */ = {isa = PBXFileReference; lastKnownFileType = sourcecode.swift; path = SettingViewController.swift; sourceTree = "<group>"; };
		B754DBED24C6F6BB005A8282 /* RegisterViewController.swift */ = {isa = PBXFileReference; lastKnownFileType = sourcecode.swift; path = RegisterViewController.swift; sourceTree = "<group>"; };
		B78DA47524BED7D300EE902B /* VinFast.app */ = {isa = PBXFileReference; explicitFileType = wrapper.application; includeInIndex = 0; path = VinFast.app; sourceTree = BUILT_PRODUCTS_DIR; };
		B78DA47824BED7D300EE902B /* AppDelegate.swift */ = {isa = PBXFileReference; lastKnownFileType = sourcecode.swift; path = AppDelegate.swift; sourceTree = "<group>"; };
		B78DA47A24BED7D300EE902B /* SceneDelegate.swift */ = {isa = PBXFileReference; lastKnownFileType = sourcecode.swift; path = SceneDelegate.swift; sourceTree = "<group>"; };
		B78DA47F24BED7D300EE902B /* Base */ = {isa = PBXFileReference; lastKnownFileType = file.storyboard; name = Base; path = Base.lproj/Main.storyboard; sourceTree = "<group>"; };
		B78DA48124BED7DA00EE902B /* Assets.xcassets */ = {isa = PBXFileReference; lastKnownFileType = folder.assetcatalog; path = Assets.xcassets; sourceTree = "<group>"; };
		B78DA48424BED7DA00EE902B /* Base */ = {isa = PBXFileReference; lastKnownFileType = file.storyboard; name = Base; path = Base.lproj/LaunchScreen.storyboard; sourceTree = "<group>"; };
		B78DA48624BED7DA00EE902B /* Info.plist */ = {isa = PBXFileReference; lastKnownFileType = text.plist.xml; path = Info.plist; sourceTree = "<group>"; };
		B78DA48B24BED7DA00EE902B /* VinFastTests.xctest */ = {isa = PBXFileReference; explicitFileType = wrapper.cfbundle; includeInIndex = 0; path = VinFastTests.xctest; sourceTree = BUILT_PRODUCTS_DIR; };
		B78DA48F24BED7DA00EE902B /* VinFastTests.swift */ = {isa = PBXFileReference; lastKnownFileType = sourcecode.swift; path = VinFastTests.swift; sourceTree = "<group>"; };
		B78DA49124BED7DA00EE902B /* Info.plist */ = {isa = PBXFileReference; lastKnownFileType = text.plist.xml; path = Info.plist; sourceTree = "<group>"; };
		B78DA49624BED7DA00EE902B /* VinFastUITests.xctest */ = {isa = PBXFileReference; explicitFileType = wrapper.cfbundle; includeInIndex = 0; path = VinFastUITests.xctest; sourceTree = BUILT_PRODUCTS_DIR; };
		B78DA49A24BED7DA00EE902B /* VinFastUITests.swift */ = {isa = PBXFileReference; lastKnownFileType = sourcecode.swift; path = VinFastUITests.swift; sourceTree = "<group>"; };
		B78DA49C24BED7DA00EE902B /* Info.plist */ = {isa = PBXFileReference; lastKnownFileType = text.plist.xml; path = Info.plist; sourceTree = "<group>"; };
		B78DA4AE24BED89000EE902B /* FeatureViewController.swift */ = {isa = PBXFileReference; lastKnownFileType = sourcecode.swift; path = FeatureViewController.swift; sourceTree = "<group>"; };
		B78DA4B024BEDBC500EE902B /* CommunityFeatureViewController.swift */ = {isa = PBXFileReference; lastKnownFileType = sourcecode.swift; path = CommunityFeatureViewController.swift; sourceTree = "<group>"; };
		B78DA4B224BEDBD100EE902B /* ChatFeatureViewController.swift */ = {isa = PBXFileReference; lastKnownFileType = sourcecode.swift; path = ChatFeatureViewController.swift; sourceTree = "<group>"; };
		B78FC53D24CAAA2F0083CBB4 /* UserDefault.swift */ = {isa = PBXFileReference; fileEncoding = 4; lastKnownFileType = sourcecode.swift; path = UserDefault.swift; sourceTree = "<group>"; };
		B78FC53F24CAAA2F0083CBB4 /* Theme.swift */ = {isa = PBXFileReference; fileEncoding = 4; lastKnownFileType = sourcecode.swift; path = Theme.swift; sourceTree = "<group>"; };
		D45B3A93264A840300F6FF52 /* Realm.xcframework */ = {isa = PBXFileReference; lastKnownFileType = wrapper.xcframework; name = Realm.xcframework; path = ../Shared/Realm.xcframework; sourceTree = "<group>"; };
		D45D45B726204253008F7C2C /* AmitySDK.xcframework */ = {isa = PBXFileReference; lastKnownFileType = wrapper.xcframework; name = AmitySDK.xcframework; path = ../Shared/AmitySDK.xcframework; sourceTree = "<group>"; };
		D495077325E637C1005C033F /* DataListViewController.swift */ = {isa = PBXFileReference; lastKnownFileType = sourcecode.swift; path = DataListViewController.swift; sourceTree = "<group>"; };
		D4AFF1CC25ECE8AD002C001C /* PostPreviewTableViewCell.xib */ = {isa = PBXFileReference; fileEncoding = 4; lastKnownFileType = file.xib; path = PostPreviewTableViewCell.xib; sourceTree = "<group>"; };
		D4AFF1CD25ECE8AD002C001C /* PostPreviewTableViewCell.swift */ = {isa = PBXFileReference; fileEncoding = 4; lastKnownFileType = sourcecode.swift; path = PostPreviewTableViewCell.swift; sourceTree = "<group>"; };
		D4AFF23125ED1E7C002C001C /* GlobalPostsFeedViewController.swift */ = {isa = PBXFileReference; lastKnownFileType = sourcecode.swift; path = GlobalPostsFeedViewController.swift; sourceTree = "<group>"; };
		D4AFF23525ED1F88002C001C /* GlobalPostsDataSource.swift */ = {isa = PBXFileReference; lastKnownFileType = sourcecode.swift; path = GlobalPostsDataSource.swift; sourceTree = "<group>"; };
/* End PBXFileReference section */

/* Begin PBXFrameworksBuildPhase section */
		B78DA47224BED7D300EE902B /* Frameworks */ = {
			isa = PBXFrameworksBuildPhase;
			buildActionMask = 2147483647;
			files = (
				97AA7B8A29DAB88E002BCF09 /* AmityUIKit.xcframework in Frameworks */,
			);
			runOnlyForDeploymentPostprocessing = 0;
		};
		B78DA48824BED7DA00EE902B /* Frameworks */ = {
			isa = PBXFrameworksBuildPhase;
			buildActionMask = 2147483647;
			files = (
			);
			runOnlyForDeploymentPostprocessing = 0;
		};
		B78DA49324BED7DA00EE902B /* Frameworks */ = {
			isa = PBXFrameworksBuildPhase;
			buildActionMask = 2147483647;
			files = (
			);
			runOnlyForDeploymentPostprocessing = 0;
		};
/* End PBXFrameworksBuildPhase section */

/* Begin PBXGroup section */
		0D73AC8925DB8C61000D73CA /* Custom Post */ = {
			isa = PBXGroup;
			children = (
				0D73AC9C25DB931F000D73CA /* Components */,
				0D73AC9B25DB9316000D73CA /* Cells */,
			);
			path = "Custom Post";
			sourceTree = "<group>";
		};
		0D73AC8A25DB8CB5000D73CA /* Thumbsup */ = {
			isa = PBXGroup;
			children = (
				0D73AC8B25DB8CB5000D73CA /* AmityPostThumbsupTableViewCell.swift */,
				0D73AC8C25DB8CB5000D73CA /* AmityPostThumbsupTableViewCell.xib */,
			);
			path = Thumbsup;
			sourceTree = "<group>";
		};
		0D73AC8D25DB8CB5000D73CA /* Birthday */ = {
			isa = PBXGroup;
			children = (
				0D73AC8E25DB8CB5000D73CA /* AmityPostBirthdayTableViewCell.swift */,
				0D73AC8F25DB8CB5000D73CA /* AmityPostBirthdayTableViewCell.xib */,
			);
			path = Birthday;
			sourceTree = "<group>";
		};
		0D73AC9025DB8CB5000D73CA /* New Joiner */ = {
			isa = PBXGroup;
			children = (
				0D73AC9225DB8CB5000D73CA /* AmityPostNewJoinerTableViewCell.swift */,
				0D73AC9125DB8CB5000D73CA /* AmityPostNewJoinerTableViewCell.xib */,
			);
			path = "New Joiner";
			sourceTree = "<group>";
		};
		0D73AC9B25DB9316000D73CA /* Cells */ = {
			isa = PBXGroup;
			children = (
				0D8FFC2F25DCC00800943538 /* Footer */,
				0D73AC8D25DB8CB5000D73CA /* Birthday */,
				0D73AC9025DB8CB5000D73CA /* New Joiner */,
				0D73AC8A25DB8CB5000D73CA /* Thumbsup */,
			);
			path = Cells;
			sourceTree = "<group>";
		};
		0D73AC9C25DB931F000D73CA /* Components */ = {
			isa = PBXGroup;
			children = (
				0D73AC9D25DB9332000D73CA /* BirthdayPostComponent.swift */,
				0D73ACA325DB93A2000D73CA /* ThumbsupPostComponent.swift */,
				0D73ACA725DB9423000D73CA /* NewJoinerPostComponent.swift */,
			);
			path = Components;
			sourceTree = "<group>";
		};
		0D8FFC2F25DCC00800943538 /* Footer */ = {
			isa = PBXGroup;
			children = (
				0D8FFC2725DCBFD900943538 /* AmityCustomFooterTableViewCell.swift */,
				0D8FFC2825DCBFD900943538 /* AmityCustomFooterTableViewCell.xib */,
			);
			path = Footer;
			sourceTree = "<group>";
		};
		688F8616299E409B000FE6E7 /* Packages */ = {
			isa = PBXGroup;
			children = (
				688F8617299E409B000FE6E7 /* SharedFrameworks */,
			);
			name = Packages;
			sourceTree = "<group>";
		};
		7214C9D32632C05600192BB3 /* User Level Notifications */ = {
			isa = PBXGroup;
			children = (
				7214C9CA2632BE5500192BB3 /* UserLevelPushNotificationsTableViewController.swift */,
				7214C9D62632C0AD00192BB3 /* NotificationModuleTableViewCell.swift */,
				7214C9DA2632C0D500192BB3 /* SwitchTableViewCell.swift */,
			);
			path = "User Level Notifications";
			sourceTree = "<group>";
		};
		721AF3C226088830005BA15F /* AmityEventHandler */ = {
			isa = PBXGroup;
			children = (
				721AF3C326088849005BA15F /* CustomEventHandler.swift */,
				721AF3C926088884005BA15F /* CustomFeedEventHandler.swift */,
				97F101F426A69FBF00AD84A1 /* CustomChannelEventHandler.swift */,
			);
			path = AmityEventHandler;
			sourceTree = "<group>";
		};
		724C25F2274CE3770058B066 /* Intregrated Page */ = {
			isa = PBXGroup;
			children = (
				724C25F3274CE38B0058B066 /* SamplePageViewController.swift */,
			);
			path = "Intregrated Page";
			sourceTree = "<group>";
		};
		729CAF3F273CC913000AE162 /* Endpoint Settings */ = {
			isa = PBXGroup;
			children = (
				72AACE0A273931F100E59D55 /* EndpointsView.swift */,
			);
			path = "Endpoint Settings";
			sourceTree = "<group>";
		};
		729CAF40273CC93D000AE162 /* AmityManager */ = {
			isa = PBXGroup;
			children = (
				7288E96B2630139E004535DD /* AppManager.swift */,
				729CAF41273CC95B000AE162 /* EndpointManager.swift */,
			);
			path = AmityManager;
			sourceTree = "<group>";
		};
		97029C1029DD16840056196D /* Home */ = {
			isa = PBXGroup;
			children = (
				976D7A2929EBE48700009754 /* CategoryCollectionViewCell.swift */,
				976D7A2A29EBE48700009754 /* CategoryCollectionViewCell.xib */,
				97029C0E29DD160D0056196D /* AdvertisementViewController.swift */,
				97733A0A29DBC88000041A0A /* HomeViewController.swift */,
			);
			path = Home;
			sourceTree = "<group>";
		};
		97029C1829DD33A80056196D /* Data */ = {
			isa = PBXGroup;
			children = (
				97029C1929DD33CA0056196D /* user.json */,
				97029C1B29DD343B0056196D /* category.json */,
				97029C1C29DD35360056196D /* product.json */,
				9733103729ED4AE400A4CA30 /* advertisement.json */,
			);
			path = Data;
			sourceTree = "<group>";
		};
		97506D9C29F3CBC700DB09A6 /* SharedViews */ = {
			isa = PBXGroup;
			children = (
				97AFE9EA29F4E12400BD2005 /* ProductDetailViewController */,
				97506DA529F4383200DB09A6 /* ReviewsViewController */,
			);
			path = SharedViews;
			sourceTree = "<group>";
		};
		97506DA529F4383200DB09A6 /* ReviewsViewController */ = {
			isa = PBXGroup;
			children = (
				97506DA129F437F400DB09A6 /* ReviewCollectionViewCell.swift */,
				97506DA229F437F400DB09A6 /* ReviewCollectionViewCell.xib */,
				97506D9F29F4340C00DB09A6 /* ReviewsViewController.swift */,
			);
			path = ReviewsViewController;
			sourceTree = "<group>";
		};
		97733A0329DBC77500041A0A /* Utilities */ = {
			isa = PBXGroup;
			children = (
				97733A0829DBC7F300041A0A /* Extensions */,
				97733A0929DBC7F900041A0A /* Helpers */,
			);
			path = Utilities;
			sourceTree = "<group>";
		};
		97733A0429DBC77F00041A0A /* Services */ = {
			isa = PBXGroup;
			children = (
				97029C1D29DD3F570056196D /* AuthService.swift */,
				97029C1F29DD3F660056196D /* Constant.swift */,
				97CC4B8A29ED63B500EFE38B /* VinFastManager.swift */,
			);
			path = Services;
			sourceTree = "<group>";
		};
		97733A0529DBC79C00041A0A /* ViewModels */ = {
			isa = PBXGroup;
			children = (
				97733A0D29DBC94700041A0A /* HomeViewModel.swift */,
			);
			path = ViewModels;
			sourceTree = "<group>";
		};
		97733A0629DBC7A900041A0A /* Views */ = {
			isa = PBXGroup;
			children = (
				97506D9C29F3CBC700DB09A6 /* SharedViews */,
				97029C1029DD16840056196D /* Home */,
				97CC4B8529ED5C2B00EFE38B /* Product */,
				97CC4B8429ED5C2400EFE38B /* Community */,
				97CC4B8629ED5C3A00EFE38B /* Profile */,
				97CC4B8729ED5C6100EFE38B /* SharedComponents */,
			);
			path = Views;
			sourceTree = "<group>";
		};
		97733A0729DBC7AD00041A0A /* Models */ = {
			isa = PBXGroup;
			children = (
				97029C1129DD19D20056196D /* Advertisement.swift */,
				97029C2129DD3FED0056196D /* Product.swift */,
				97029C2329DD3FF40056196D /* Category.swift */,
				9733103529ED495900A4CA30 /* User.swift */,
				97CC4B8C29ED667E00EFE38B /* AmityEndpoint.swift */,
				97AFE9E629F453DE00BD2005 /* Review.swift */,
				9739653C29F55F5400C6F915 /* ProductColor.swift */,
			);
			path = Models;
			sourceTree = "<group>";
		};
		97733A0829DBC7F300041A0A /* Extensions */ = {
			isa = PBXGroup;
			children = (
				9733103329ED225200A4CA30 /* UIImageView+Extension.swift */,
				97029C2529DD40810056196D /* CodableBundleExtension.swift */,
				97AFE9E829F4DF0000BD2005 /* Date+Extension.swift */,
				97AFE9F129F502C400BD2005 /* Int+Extension.swift */,
				97DB711729F6503900B7D639 /* String+UIColor+Extension.swift */,
				9716998629F6A59A00DA7D7A /* UIViewController+BackButton+Extension.swift */,
			);
			path = Extensions;
			sourceTree = "<group>";
		};
		97733A0929DBC7F900041A0A /* Helpers */ = {
			isa = PBXGroup;
			children = (
			);
			path = Helpers;
			sourceTree = "<group>";
		};
		97AFE9EA29F4E12400BD2005 /* ProductDetailViewController */ = {
			isa = PBXGroup;
			children = (
				97506D9D29F3CBE000DB09A6 /* ProductDetailViewController.swift */,
				97DB711A29F6565600B7D639 /* ProductDetailImagesCollectionViewCell.swift */,
				97AFE9EF29F4FBD900BD2005 /* ProductDetailImagesCollectionViewCell.xib */,
				97DB711929F6565600B7D639 /* ColorFilterCollectionViewCell.swift */,
				97DB711529F64D2600B7D639 /* ColorFilterCollectionViewCell.xib */,
			);
			path = ProductDetailViewController;
			sourceTree = "<group>";
		};
		97AFE9F529F515AF00BD2005 /* Fonts */ = {
			isa = PBXGroup;
			children = (
				97AFEA0929F5160900BD2005 /* JetBrainsMono-Regular.ttf */,
				97AFEA1829F5160A00BD2005 /* JetBrainsMono-Medium.ttf */,
				97AFE9FA29F5160900BD2005 /* JetBrainsMono-SemiBold.ttf */,
				97AFEA0D29F5160900BD2005 /* JetBrainsMono-Bold.ttf */,
				97AFEA1429F5160900BD2005 /* JetBrainsMono-ExtraBold.ttf */,
				97AFEA2129F5160A00BD2005 /* Mulish-Regular.ttf */,
				97AFE9F629F5160900BD2005 /* Mulish-Medium.ttf */,
				97AFEA2229F5160A00BD2005 /* Mulish-SemiBold.ttf */,
				97AFEA0529F5160900BD2005 /* Mulish-Bold.ttf */,
				97AFEA0A29F5160900BD2005 /* Mulish-ExtraBold.ttf */,
			);
			path = Fonts;
			sourceTree = "<group>";
		};
		97CC4B8429ED5C2400EFE38B /* Community */ = {
			isa = PBXGroup;
			children = (
				97CC4B8829ED5CA600EFE38B /* CommunityViewController.swift */,
				9729DB8229EEA5080085C0A4 /* ChatViewController.swift */,
			);
			path = Community;
			sourceTree = "<group>";
		};
		97CC4B8529ED5C2B00EFE38B /* Product */ = {
			isa = PBXGroup;
			children = (
				97165B1B29EFAB7200FF6774 /* ProductViewController.swift */,
			);
			path = Product;
			sourceTree = "<group>";
		};
		97CC4B8629ED5C3A00EFE38B /* Profile */ = {
			isa = PBXGroup;
			children = (
				97165B1D29EFF32100FF6774 /* ProfileViewController.swift */,
			);
			path = Profile;
			sourceTree = "<group>";
		};
		97CC4B8729ED5C6100EFE38B /* SharedComponents */ = {
			isa = PBXGroup;
			children = (
				9771B29029EC2B24007920E2 /* ProductCollectionViewCell.swift */,
				9771B29229EC2B2C007920E2 /* ProductCollectionViewCell.xib */,
			);
			path = SharedComponents;
			sourceTree = "<group>";
		};
		A03190A527216946008A85DC /* Post Creator Settings */ = {
			isa = PBXGroup;
			children = (
				A03190A6272169C1008A85DC /* PostCreatorSettingsPage.swift */,
			);
			path = "Post Creator Settings";
			sourceTree = "<group>";
		};
		B72CDA38256B9BC100F7CAC3 /* Custom Cell */ = {
			isa = PBXGroup;
			children = (
				D4AFF1CD25ECE8AD002C001C /* PostPreviewTableViewCell.swift */,
				D4AFF1CC25ECE8AD002C001C /* PostPreviewTableViewCell.xib */,
				B72CDA39256B9BEB00F7CAC3 /* CustomMessageTextIncomingTableViewCell.swift */,
				B72CDA3A256B9BEB00F7CAC3 /* CustomMessageTextIncomingTableViewCell.xib */,
			);
			path = "Custom Cell";
			sourceTree = "<group>";
		};
		B78DA46C24BED7D300EE902B = {
			isa = PBXGroup;
			children = (
				688F8616299E409B000FE6E7 /* Packages */,
				B78DA47724BED7D300EE902B /* VinFast */,
				B78DA48E24BED7DA00EE902B /* VinFastTests */,
				B78DA49924BED7DA00EE902B /* VinFastUITests */,
				B78DA47624BED7D300EE902B /* Products */,
				B78DA4A824BED83100EE902B /* Frameworks */,
			);
			sourceTree = "<group>";
		};
		B78DA47624BED7D300EE902B /* Products */ = {
			isa = PBXGroup;
			children = (
				B78DA47524BED7D300EE902B /* VinFast.app */,
				B78DA48B24BED7DA00EE902B /* VinFastTests.xctest */,
				B78DA49624BED7DA00EE902B /* VinFastUITests.xctest */,
			);
			name = Products;
			sourceTree = "<group>";
		};
		B78DA47724BED7D300EE902B /* VinFast */ = {
			isa = PBXGroup;
			children = (
				97029C1829DD33A80056196D /* Data */,
				97733A0729DBC7AD00041A0A /* Models */,
				97733A0629DBC7A900041A0A /* Views */,
				97733A0529DBC79C00041A0A /* ViewModels */,
				97733A0429DBC77F00041A0A /* Services */,
				97733A0329DBC77500041A0A /* Utilities */,
				97AFE9F529F515AF00BD2005 /* Fonts */,
				72363461260877D600CEB2B5 /* VinFast.entitlements */,
				721AF3C226088830005BA15F /* AmityEventHandler */,
				B78FC53C24CAAA2F0083CBB4 /* AmityExtension */,
				B78FC53E24CAAA2F0083CBB4 /* AmityUtils */,
				B78DA4AD24BED88000EE902B /* AmityFeature */,
				729CAF40273CC93D000AE162 /* AmityManager */,
				B78DA47824BED7D300EE902B /* AppDelegate.swift */,
				B78DA47A24BED7D300EE902B /* SceneDelegate.swift */,
				B78DA47E24BED7D300EE902B /* Main.storyboard */,
				B78DA48124BED7DA00EE902B /* Assets.xcassets */,
				B78DA48324BED7DA00EE902B /* LaunchScreen.storyboard */,
				B78DA48624BED7DA00EE902B /* Info.plist */,
			);
			path = VinFast;
			sourceTree = "<group>";
		};
		B78DA48E24BED7DA00EE902B /* VinFastTests */ = {
			isa = PBXGroup;
			children = (
				B78DA48F24BED7DA00EE902B /* VinFastTests.swift */,
				B78DA49124BED7DA00EE902B /* Info.plist */,
			);
			path = VinFastTests;
			sourceTree = "<group>";
		};
		B78DA49924BED7DA00EE902B /* VinFastUITests */ = {
			isa = PBXGroup;
			children = (
				B78DA49A24BED7DA00EE902B /* VinFastUITests.swift */,
				B78DA49C24BED7DA00EE902B /* Info.plist */,
			);
			path = VinFastUITests;
			sourceTree = "<group>";
		};
		B78DA4A824BED83100EE902B /* Frameworks */ = {
			isa = PBXGroup;
			children = (
				97AA7B8829DAB83A002BCF09 /* AmityUIKit.xcframework */,
				97AA7B8929DAB83A002BCF09 /* AmityUIKitLiveStream.xcframework */,
				68EF84A629B077E700C7EDEC /* RealmSwift.xcframework */,
				A0BD0B3E26DDE0020054088B /* AmityLiveVideoBroadcastKit.xcframework */,
				A0BD0B3F26DDE0020054088B /* AmityVideoPlayerKit.xcframework */,
				A0BD0B4026DDE0020054088B /* MobileVLCKit.xcframework */,
				D45B3A93264A840300F6FF52 /* Realm.xcframework */,
				D45D45B726204253008F7C2C /* AmitySDK.xcframework */,
			);
			name = Frameworks;
			sourceTree = "<group>";
		};
		B78DA4AD24BED88000EE902B /* AmityFeature */ = {
			isa = PBXGroup;
			children = (
				724C25F2274CE3770058B066 /* Intregrated Page */,
				A03190A527216946008A85DC /* Post Creator Settings */,
				7214C9D32632C05600192BB3 /* User Level Notifications */,
				0D73AC8925DB8C61000D73CA /* Custom Post */,
				B72CDA38256B9BC100F7CAC3 /* Custom Cell */,
				729CAF3F273CC913000AE162 /* Endpoint Settings */,
				B72861D824C573B100ECC563 /* TabbarViewController.swift */,
				B78DA4AE24BED89000EE902B /* FeatureViewController.swift */,
				B78DA4B024BEDBC500EE902B /* CommunityFeatureViewController.swift */,
				B78DA4B224BEDBD100EE902B /* ChatFeatureViewController.swift */,
				B754DBEB24C6F6B5005A8282 /* SettingViewController.swift */,
				B754DBED24C6F6BB005A8282 /* RegisterViewController.swift */,
				D495077325E637C1005C033F /* DataListViewController.swift */,
				D4AFF23125ED1E7C002C001C /* GlobalPostsFeedViewController.swift */,
				D4AFF23525ED1F88002C001C /* GlobalPostsDataSource.swift */,
			);
			path = AmityFeature;
			sourceTree = "<group>";
		};
		B78FC53C24CAAA2F0083CBB4 /* AmityExtension */ = {
			isa = PBXGroup;
			children = (
				B78FC53D24CAAA2F0083CBB4 /* UserDefault.swift */,
				729CAF3D273CC8ED000AE162 /* Binding+Extension.swift */,
			);
			path = AmityExtension;
			sourceTree = "<group>";
		};
		B78FC53E24CAAA2F0083CBB4 /* AmityUtils */ = {
			isa = PBXGroup;
			children = (
				B78FC53F24CAAA2F0083CBB4 /* Theme.swift */,
				B74ADE5D24F3B026009C86DA /* UserDefaults.swift */,
			);
			path = AmityUtils;
			sourceTree = "<group>";
		};
/* End PBXGroup section */

/* Begin PBXNativeTarget section */
		B78DA47424BED7D300EE902B /* VinFast */ = {
			isa = PBXNativeTarget;
			buildConfigurationList = B78DA49F24BED7DA00EE902B /* Build configuration list for PBXNativeTarget "VinFast" */;
			buildPhases = (
				B78DA47124BED7D300EE902B /* Sources */,
				B78DA47224BED7D300EE902B /* Frameworks */,
				B78DA47324BED7D300EE902B /* Resources */,
				A052EAF42577A6B700FF9312 /* Embed Frameworks */,
			);
			buildRules = (
			);
			dependencies = (
			);
			name = VinFast;
			packageProductDependencies = (
			);
			productName = SampleApp;
			productReference = B78DA47524BED7D300EE902B /* VinFast.app */;
			productType = "com.apple.product-type.application";
		};
		B78DA48A24BED7DA00EE902B /* VinFastTests */ = {
			isa = PBXNativeTarget;
			buildConfigurationList = B78DA4A224BED7DA00EE902B /* Build configuration list for PBXNativeTarget "VinFastTests" */;
			buildPhases = (
				B78DA48724BED7DA00EE902B /* Sources */,
				B78DA48824BED7DA00EE902B /* Frameworks */,
				B78DA48924BED7DA00EE902B /* Resources */,
			);
			buildRules = (
			);
			dependencies = (
				B78DA48D24BED7DA00EE902B /* PBXTargetDependency */,
			);
			name = VinFastTests;
			productName = SampleAppTests;
			productReference = B78DA48B24BED7DA00EE902B /* VinFastTests.xctest */;
			productType = "com.apple.product-type.bundle.unit-test";
		};
		B78DA49524BED7DA00EE902B /* VinFastUITests */ = {
			isa = PBXNativeTarget;
			buildConfigurationList = B78DA4A524BED7DA00EE902B /* Build configuration list for PBXNativeTarget "VinFastUITests" */;
			buildPhases = (
				B78DA49224BED7DA00EE902B /* Sources */,
				B78DA49324BED7DA00EE902B /* Frameworks */,
				B78DA49424BED7DA00EE902B /* Resources */,
			);
			buildRules = (
			);
			dependencies = (
				B78DA49824BED7DA00EE902B /* PBXTargetDependency */,
			);
			name = VinFastUITests;
			productName = SampleAppUITests;
			productReference = B78DA49624BED7DA00EE902B /* VinFastUITests.xctest */;
			productType = "com.apple.product-type.bundle.ui-testing";
		};
/* End PBXNativeTarget section */

/* Begin PBXProject section */
		B78DA46D24BED7D300EE902B /* Project object */ = {
			isa = PBXProject;
			attributes = {
				LastSwiftUpdateCheck = 1150;
				LastUpgradeCheck = 1240;
				ORGANIZATIONNAME = "";
				TargetAttributes = {
					B78DA47424BED7D300EE902B = {
						CreatedOnToolsVersion = 11.5;
					};
					B78DA48A24BED7DA00EE902B = {
						CreatedOnToolsVersion = 11.5;
						TestTargetID = B78DA47424BED7D300EE902B;
					};
					B78DA49524BED7DA00EE902B = {
						CreatedOnToolsVersion = 11.5;
						TestTargetID = B78DA47424BED7D300EE902B;
					};
				};
			};
			buildConfigurationList = B78DA47024BED7D300EE902B /* Build configuration list for PBXProject "VinFast" */;
			compatibilityVersion = "Xcode 14.0";
			developmentRegion = en;
			hasScannedForEncodings = 0;
			knownRegions = (
				en,
				Base,
				vi,
			);
			mainGroup = B78DA46C24BED7D300EE902B;
			productRefGroup = B78DA47624BED7D300EE902B /* Products */;
			projectDirPath = "";
			projectRoot = "";
			targets = (
				B78DA47424BED7D300EE902B /* VinFast */,
				B78DA48A24BED7DA00EE902B /* VinFastTests */,
				B78DA49524BED7DA00EE902B /* VinFastUITests */,
			);
		};
/* End PBXProject section */

/* Begin PBXResourcesBuildPhase section */
		B78DA47324BED7D300EE902B /* Resources */ = {
			isa = PBXResourcesBuildPhase;
			buildActionMask = 2147483647;
			files = (
				97AFEA3929F5160A00BD2005 /* JetBrainsMono-Regular.ttf in Resources */,
				97AFEA4829F5160A00BD2005 /* JetBrainsMono-Medium.ttf in Resources */,
				97AFEA2A29F5160A00BD2005 /* JetBrainsMono-SemiBold.ttf in Resources */,
				97AFEA3D29F5160A00BD2005 /* JetBrainsMono-Bold.ttf in Resources */,
				97AFEA4429F5160A00BD2005 /* JetBrainsMono-ExtraBold.ttf in Resources */,
				97AFEA5129F5160A00BD2005 /* Mulish-Regular.ttf in Resources */,
				97AFEA2629F5160A00BD2005 /* Mulish-Medium.ttf in Resources */,
				97AFEA5229F5160A00BD2005 /* Mulish-SemiBold.ttf in Resources */,
				97AFEA3529F5160A00BD2005 /* Mulish-Bold.ttf in Resources */,
				97AFEA3A29F5160A00BD2005 /* Mulish-ExtraBold.ttf in Resources */,
				97029C1A29DD33CA0056196D /* user.json in Resources */,
				97D346B129EBF41600F31762 /* category.json in Resources */,
				9733103829ED4AE400A4CA30 /* advertisement.json in Resources */,
				97D346B229EBF41B00F31762 /* product.json in Resources */,
				97506DA429F437F400DB09A6 /* ReviewCollectionViewCell.xib in Resources */,
				97DB711629F64D2600B7D639 /* ColorFilterCollectionViewCell.xib in Resources */,
				97AFE9F029F4FBD900BD2005 /* ProductDetailImagesCollectionViewCell.xib in Resources */,
				9771B29329EC2B2C007920E2 /* ProductCollectionViewCell.xib in Resources */,
				976D7A2C29EBE48700009754 /* CategoryCollectionViewCell.xib in Resources */,
				D4AFF1CE25ECE8AD002C001C /* PostPreviewTableViewCell.xib in Resources */,
				B72CDA3C256B9BEB00F7CAC3 /* CustomMessageTextIncomingTableViewCell.xib in Resources */,
				0D73AC9625DB8CB5000D73CA /* AmityPostBirthdayTableViewCell.xib in Resources */,
				0D8FFC2A25DCBFD900943538 /* AmityCustomFooterTableViewCell.xib in Resources */,
				0D73AC9425DB8CB5000D73CA /* AmityPostThumbsupTableViewCell.xib in Resources */,
				0D73AC9725DB8CB5000D73CA /* AmityPostNewJoinerTableViewCell.xib in Resources */,
				B78DA48224BED7DA00EE902B /* Assets.xcassets in Resources */,
				B78DA48024BED7D300EE902B /* Main.storyboard in Resources */,
				B78DA48524BED7DA00EE902B /* LaunchScreen.storyboard in Resources */,
			);
			runOnlyForDeploymentPostprocessing = 0;
		};
		B78DA48924BED7DA00EE902B /* Resources */ = {
			isa = PBXResourcesBuildPhase;
			buildActionMask = 2147483647;
			files = (
			);
			runOnlyForDeploymentPostprocessing = 0;
		};
		B78DA49424BED7DA00EE902B /* Resources */ = {
			isa = PBXResourcesBuildPhase;
			buildActionMask = 2147483647;
			files = (
			);
			runOnlyForDeploymentPostprocessing = 0;
		};
/* End PBXResourcesBuildPhase section */

/* Begin PBXSourcesBuildPhase section */
		B78DA47124BED7D300EE902B /* Sources */ = {
			isa = PBXSourcesBuildPhase;
			buildActionMask = 2147483647;
			files = (
				D495077425E637C1005C033F /* DataListViewController.swift in Sources */,
				97CC4B8B29ED63B500EFE38B /* VinFastManager.swift in Sources */,
				9739653D29F55F5400C6F915 /* ProductColor.swift in Sources */,
				97029C1229DD19D20056196D /* Advertisement.swift in Sources */,
				724C25F4274CE38B0058B066 /* SamplePageViewController.swift in Sources */,
				A03190A7272169C1008A85DC /* PostCreatorSettingsPage.swift in Sources */,
				7214C9CB2632BE5500192BB3 /* UserLevelPushNotificationsTableViewController.swift in Sources */,
				97165B1E29EFF32100FF6774 /* ProfileViewController.swift in Sources */,
				97506D9E29F3CBE000DB09A6 /* ProductDetailViewController.swift in Sources */,
				B78DA4AF24BED89000EE902B /* FeatureViewController.swift in Sources */,
				97733A0E29DBC94700041A0A /* HomeViewModel.swift in Sources */,
				97506DA329F437F400DB09A6 /* ReviewCollectionViewCell.swift in Sources */,
				97029C1E29DD3F570056196D /* AuthService.swift in Sources */,
				97029C0F29DD160D0056196D /* AdvertisementViewController.swift in Sources */,
				97AFE9E929F4DF0000BD2005 /* Date+Extension.swift in Sources */,
				B78DA47924BED7D300EE902B /* AppDelegate.swift in Sources */,
				0D73AC9525DB8CB5000D73CA /* AmityPostBirthdayTableViewCell.swift in Sources */,
				97DB711829F6503900B7D639 /* String+UIColor+Extension.swift in Sources */,
				0D73AC9325DB8CB5000D73CA /* AmityPostThumbsupTableViewCell.swift in Sources */,
				97165B1C29EFAB7200FF6774 /* ProductViewController.swift in Sources */,
				97029C2629DD40810056196D /* CodableBundleExtension.swift in Sources */,
				9716998729F6A59A00DA7D7A /* UIViewController+BackButton+Extension.swift in Sources */,
				97CC4B8929ED5CA600EFE38B /* CommunityViewController.swift in Sources */,
				97506DA029F4340C00DB09A6 /* ReviewsViewController.swift in Sources */,
				0D73AC9825DB8CB5000D73CA /* AmityPostNewJoinerTableViewCell.swift in Sources */,
				B72861D924C573B100ECC563 /* TabbarViewController.swift in Sources */,
				D4AFF23225ED1E7C002C001C /* GlobalPostsFeedViewController.swift in Sources */,
				97AFE9E729F453DE00BD2005 /* Review.swift in Sources */,
				9771B29129EC2B24007920E2 /* ProductCollectionViewCell.swift in Sources */,
				976D7A2B29EBE48700009754 /* CategoryCollectionViewCell.swift in Sources */,
				0D73AC9E25DB9332000D73CA /* BirthdayPostComponent.swift in Sources */,
				D4AFF1CF25ECE8AD002C001C /* PostPreviewTableViewCell.swift in Sources */,
				9729DB8329EEA5080085C0A4 /* ChatViewController.swift in Sources */,
				9733103629ED495900A4CA30 /* User.swift in Sources */,
				D4AFF23625ED1F88002C001C /* GlobalPostsDataSource.swift in Sources */,
				B74ADE5E24F3B026009C86DA /* UserDefaults.swift in Sources */,
				B754DBEE24C6F6BB005A8282 /* RegisterViewController.swift in Sources */,
				B78DA47B24BED7D300EE902B /* SceneDelegate.swift in Sources */,
				0D8FFC2925DCBFD900943538 /* AmityCustomFooterTableViewCell.swift in Sources */,
				7214C9D72632C0AD00192BB3 /* NotificationModuleTableViewCell.swift in Sources */,
				B78FC54024CAAA2F0083CBB4 /* UserDefault.swift in Sources */,
				97F101F526A69FBF00AD84A1 /* CustomChannelEventHandler.swift in Sources */,
				0D73ACA825DB9423000D73CA /* NewJoinerPostComponent.swift in Sources */,
				7214C9DB2632C0D500192BB3 /* SwitchTableViewCell.swift in Sources */,
				729CAF3E273CC8ED000AE162 /* Binding+Extension.swift in Sources */,
				B72CDA3B256B9BEB00F7CAC3 /* CustomMessageTextIncomingTableViewCell.swift in Sources */,
				97DB711B29F6565600B7D639 /* ColorFilterCollectionViewCell.swift in Sources */,
				B78DA4B124BEDBC500EE902B /* CommunityFeatureViewController.swift in Sources */,
				9733103429ED225200A4CA30 /* UIImageView+Extension.swift in Sources */,
				7288E96C2630139E004535DD /* AppManager.swift in Sources */,
				97029C2029DD3F660056196D /* Constant.swift in Sources */,
				721AF3CA26088884005BA15F /* CustomFeedEventHandler.swift in Sources */,
				B78FC54124CAAA2F0083CBB4 /* Theme.swift in Sources */,
				B754DBEC24C6F6B5005A8282 /* SettingViewController.swift in Sources */,
				0D73ACA425DB93A2000D73CA /* ThumbsupPostComponent.swift in Sources */,
				72AACE0B273931F100E59D55 /* EndpointsView.swift in Sources */,
				97DB711C29F6565600B7D639 /* ProductDetailImagesCollectionViewCell.swift in Sources */,
				97733A0B29DBC88000041A0A /* HomeViewController.swift in Sources */,
				729CAF42273CC95B000AE162 /* EndpointManager.swift in Sources */,
				721AF3C426088849005BA15F /* CustomEventHandler.swift in Sources */,
				97AFE9F229F502C400BD2005 /* Int+Extension.swift in Sources */,
				B78DA4B324BEDBD100EE902B /* ChatFeatureViewController.swift in Sources */,
				97029C2229DD3FED0056196D /* Product.swift in Sources */,
				97CC4B8D29ED667E00EFE38B /* AmityEndpoint.swift in Sources */,
				97029C2429DD3FF40056196D /* Category.swift in Sources */,
			);
			runOnlyForDeploymentPostprocessing = 0;
		};
		B78DA48724BED7DA00EE902B /* Sources */ = {
			isa = PBXSourcesBuildPhase;
			buildActionMask = 2147483647;
			files = (
				B78DA49024BED7DA00EE902B /* VinFastTests.swift in Sources */,
			);
			runOnlyForDeploymentPostprocessing = 0;
		};
		B78DA49224BED7DA00EE902B /* Sources */ = {
			isa = PBXSourcesBuildPhase;
			buildActionMask = 2147483647;
			files = (
				B78DA49B24BED7DA00EE902B /* VinFastUITests.swift in Sources */,
			);
			runOnlyForDeploymentPostprocessing = 0;
		};
/* End PBXSourcesBuildPhase section */

/* Begin PBXTargetDependency section */
		B78DA48D24BED7DA00EE902B /* PBXTargetDependency */ = {
			isa = PBXTargetDependency;
			target = B78DA47424BED7D300EE902B /* VinFast */;
			targetProxy = B78DA48C24BED7DA00EE902B /* PBXContainerItemProxy */;
		};
		B78DA49824BED7DA00EE902B /* PBXTargetDependency */ = {
			isa = PBXTargetDependency;
			target = B78DA47424BED7D300EE902B /* VinFast */;
			targetProxy = B78DA49724BED7DA00EE902B /* PBXContainerItemProxy */;
		};
/* End PBXTargetDependency section */

/* Begin PBXVariantGroup section */
		B78DA47E24BED7D300EE902B /* Main.storyboard */ = {
			isa = PBXVariantGroup;
			children = (
				B78DA47F24BED7D300EE902B /* Base */,
				97CC4B8229ED52FD00EFE38B /* vi */,
			);
			name = Main.storyboard;
			sourceTree = "<group>";
		};
		B78DA48324BED7DA00EE902B /* LaunchScreen.storyboard */ = {
			isa = PBXVariantGroup;
			children = (
				B78DA48424BED7DA00EE902B /* Base */,
				97CC4B8329ED52FD00EFE38B /* vi */,
			);
			name = LaunchScreen.storyboard;
			sourceTree = "<group>";
		};
/* End PBXVariantGroup section */

/* Begin XCBuildConfiguration section */
		B78DA49D24BED7DA00EE902B /* Debug */ = {
			isa = XCBuildConfiguration;
			buildSettings = {
				ALWAYS_SEARCH_USER_PATHS = NO;
				ARCHS = "$(ARCHS_STANDARD)";
				CLANG_ANALYZER_LOCALIZABILITY_NONLOCALIZED = YES;
				CLANG_ANALYZER_NONNULL = YES;
				CLANG_ANALYZER_NUMBER_OBJECT_CONVERSION = YES_AGGRESSIVE;
				CLANG_CXX_LANGUAGE_STANDARD = "gnu++14";
				CLANG_CXX_LIBRARY = "libc++";
				CLANG_ENABLE_MODULES = YES;
				CLANG_ENABLE_OBJC_ARC = YES;
				CLANG_ENABLE_OBJC_WEAK = YES;
				CLANG_WARN_BLOCK_CAPTURE_AUTORELEASING = YES;
				CLANG_WARN_BOOL_CONVERSION = YES;
				CLANG_WARN_COMMA = YES;
				CLANG_WARN_CONSTANT_CONVERSION = YES;
				CLANG_WARN_DEPRECATED_OBJC_IMPLEMENTATIONS = YES;
				CLANG_WARN_DIRECT_OBJC_ISA_USAGE = YES_ERROR;
				CLANG_WARN_DOCUMENTATION_COMMENTS = YES;
				CLANG_WARN_EMPTY_BODY = YES;
				CLANG_WARN_ENUM_CONVERSION = YES;
				CLANG_WARN_INFINITE_RECURSION = YES;
				CLANG_WARN_INT_CONVERSION = YES;
				CLANG_WARN_NON_LITERAL_NULL_CONVERSION = YES;
				CLANG_WARN_OBJC_IMPLICIT_RETAIN_SELF = YES;
				CLANG_WARN_OBJC_LITERAL_CONVERSION = YES;
				CLANG_WARN_OBJC_ROOT_CLASS = YES_ERROR;
				CLANG_WARN_QUOTED_INCLUDE_IN_FRAMEWORK_HEADER = YES;
				CLANG_WARN_RANGE_LOOP_ANALYSIS = YES;
				CLANG_WARN_STRICT_PROTOTYPES = YES;
				CLANG_WARN_SUSPICIOUS_MOVE = YES;
				CLANG_WARN_UNGUARDED_AVAILABILITY = YES_AGGRESSIVE;
				CLANG_WARN_UNREACHABLE_CODE = YES;
				CLANG_WARN__DUPLICATE_METHOD_MATCH = YES;
				COPY_PHASE_STRIP = NO;
				DEBUG_INFORMATION_FORMAT = dwarf;
				ENABLE_STRICT_OBJC_MSGSEND = YES;
				ENABLE_TESTABILITY = YES;
				GCC_C_LANGUAGE_STANDARD = gnu11;
				GCC_DYNAMIC_NO_PIC = NO;
				GCC_NO_COMMON_BLOCKS = YES;
				GCC_OPTIMIZATION_LEVEL = 0;
				GCC_PREPROCESSOR_DEFINITIONS = (
					"DEBUG=1",
					"$(inherited)",
				);
				GCC_WARN_64_TO_32_BIT_CONVERSION = YES;
				GCC_WARN_ABOUT_RETURN_TYPE = YES_ERROR;
				GCC_WARN_UNDECLARED_SELECTOR = YES;
				GCC_WARN_UNINITIALIZED_AUTOS = YES_AGGRESSIVE;
				GCC_WARN_UNUSED_FUNCTION = YES;
				GCC_WARN_UNUSED_VARIABLE = YES;
				IPHONEOS_DEPLOYMENT_TARGET = 14.0;
				MTL_ENABLE_DEBUG_INFO = INCLUDE_SOURCE;
				MTL_FAST_MATH = YES;
				ONLY_ACTIVE_ARCH = YES;
				SDKROOT = iphoneos;
				SWIFT_ACTIVE_COMPILATION_CONDITIONS = DEBUG;
				SWIFT_OPTIMIZATION_LEVEL = "-Onone";
			};
			name = Debug;
		};
		B78DA49E24BED7DA00EE902B /* Release */ = {
			isa = XCBuildConfiguration;
			buildSettings = {
				ALWAYS_SEARCH_USER_PATHS = NO;
				ARCHS = "$(ARCHS_STANDARD)";
				CLANG_ANALYZER_LOCALIZABILITY_NONLOCALIZED = YES;
				CLANG_ANALYZER_NONNULL = YES;
				CLANG_ANALYZER_NUMBER_OBJECT_CONVERSION = YES_AGGRESSIVE;
				CLANG_CXX_LANGUAGE_STANDARD = "gnu++14";
				CLANG_CXX_LIBRARY = "libc++";
				CLANG_ENABLE_MODULES = YES;
				CLANG_ENABLE_OBJC_ARC = YES;
				CLANG_ENABLE_OBJC_WEAK = YES;
				CLANG_WARN_BLOCK_CAPTURE_AUTORELEASING = YES;
				CLANG_WARN_BOOL_CONVERSION = YES;
				CLANG_WARN_COMMA = YES;
				CLANG_WARN_CONSTANT_CONVERSION = YES;
				CLANG_WARN_DEPRECATED_OBJC_IMPLEMENTATIONS = YES;
				CLANG_WARN_DIRECT_OBJC_ISA_USAGE = YES_ERROR;
				CLANG_WARN_DOCUMENTATION_COMMENTS = YES;
				CLANG_WARN_EMPTY_BODY = YES;
				CLANG_WARN_ENUM_CONVERSION = YES;
				CLANG_WARN_INFINITE_RECURSION = YES;
				CLANG_WARN_INT_CONVERSION = YES;
				CLANG_WARN_NON_LITERAL_NULL_CONVERSION = YES;
				CLANG_WARN_OBJC_IMPLICIT_RETAIN_SELF = YES;
				CLANG_WARN_OBJC_LITERAL_CONVERSION = YES;
				CLANG_WARN_OBJC_ROOT_CLASS = YES_ERROR;
				CLANG_WARN_QUOTED_INCLUDE_IN_FRAMEWORK_HEADER = YES;
				CLANG_WARN_RANGE_LOOP_ANALYSIS = YES;
				CLANG_WARN_STRICT_PROTOTYPES = YES;
				CLANG_WARN_SUSPICIOUS_MOVE = YES;
				CLANG_WARN_UNGUARDED_AVAILABILITY = YES_AGGRESSIVE;
				CLANG_WARN_UNREACHABLE_CODE = YES;
				CLANG_WARN__DUPLICATE_METHOD_MATCH = YES;
				COPY_PHASE_STRIP = NO;
				DEBUG_INFORMATION_FORMAT = "dwarf-with-dsym";
				ENABLE_NS_ASSERTIONS = NO;
				ENABLE_STRICT_OBJC_MSGSEND = YES;
				GCC_C_LANGUAGE_STANDARD = gnu11;
				GCC_NO_COMMON_BLOCKS = YES;
				GCC_WARN_64_TO_32_BIT_CONVERSION = YES;
				GCC_WARN_ABOUT_RETURN_TYPE = YES_ERROR;
				GCC_WARN_UNDECLARED_SELECTOR = YES;
				GCC_WARN_UNINITIALIZED_AUTOS = YES_AGGRESSIVE;
				GCC_WARN_UNUSED_FUNCTION = YES;
				GCC_WARN_UNUSED_VARIABLE = YES;
				IPHONEOS_DEPLOYMENT_TARGET = 14.0;
				MTL_ENABLE_DEBUG_INFO = NO;
				MTL_FAST_MATH = YES;
				SDKROOT = iphoneos;
				SWIFT_COMPILATION_MODE = wholemodule;
				SWIFT_OPTIMIZATION_LEVEL = "-O";
				VALIDATE_PRODUCT = YES;
			};
			name = Release;
		};
		B78DA4A024BED7DA00EE902B /* Debug */ = {
			isa = XCBuildConfiguration;
			buildSettings = {
				ASSETCATALOG_COMPILER_APPICON_NAME = AppIcon;
				CODE_SIGN_ENTITLEMENTS = VinFast/VinFast.entitlements;
				CODE_SIGN_STYLE = Automatic;
				CURRENT_PROJECT_VERSION = 1;
				DEVELOPMENT_TEAM = L6PJ2PDM25;
				"EXCLUDED_ARCHS[sdk=iphonesimulator*]" = arm64;
				FRAMEWORK_SEARCH_PATHS = (
					"$(inherited)",
					"$(PROJECT_DIR)/../Distribution",
				);
				INFOPLIST_FILE = VinFast/Info.plist;
				IPHONEOS_DEPLOYMENT_TARGET = 14.0;
				LD_RUNPATH_SEARCH_PATHS = (
					"$(inherited)",
					"@executable_path/Frameworks",
				);
				MARKETING_VERSION = 2.21.0;
				PRODUCT_BUNDLE_IDENTIFIER = com.amitydigital.vinfast;
				PRODUCT_NAME = "$(TARGET_NAME)";
				SUPPORTED_PLATFORMS = "iphoneos iphonesimulator";
				SUPPORTS_MACCATALYST = NO;
				SUPPORTS_MAC_DESIGNED_FOR_IPHONE_IPAD = YES;
				SWIFT_INCLUDE_PATHS = "";
				SWIFT_VERSION = 5.0;
				TARGETED_DEVICE_FAMILY = 1;
			};
			name = Debug;
		};
		B78DA4A124BED7DA00EE902B /* Release */ = {
			isa = XCBuildConfiguration;
			buildSettings = {
				ASSETCATALOG_COMPILER_APPICON_NAME = AppIcon;
				CODE_SIGN_ENTITLEMENTS = VinFast/VinFast.entitlements;
				CODE_SIGN_STYLE = Automatic;
				CURRENT_PROJECT_VERSION = 1;
				DEVELOPMENT_TEAM = L6PJ2PDM25;
				"EXCLUDED_ARCHS[sdk=iphonesimulator*]" = arm64;
				FRAMEWORK_SEARCH_PATHS = (
					"$(inherited)",
					"$(PROJECT_DIR)/../Distribution",
				);
				INFOPLIST_FILE = VinFast/Info.plist;
				IPHONEOS_DEPLOYMENT_TARGET = 14.0;
				LD_RUNPATH_SEARCH_PATHS = (
					"$(inherited)",
					"@executable_path/Frameworks",
				);
				MARKETING_VERSION = 2.21.0;
				PRODUCT_BUNDLE_IDENTIFIER = com.amitydigital.vinfast;
				PRODUCT_NAME = "$(TARGET_NAME)";
				SUPPORTED_PLATFORMS = "iphoneos iphonesimulator";
				SUPPORTS_MACCATALYST = NO;
				SUPPORTS_MAC_DESIGNED_FOR_IPHONE_IPAD = YES;
				SWIFT_ACTIVE_COMPILATION_CONDITIONS = RELEASE;
				SWIFT_INCLUDE_PATHS = "";
				SWIFT_VERSION = 5.0;
				TARGETED_DEVICE_FAMILY = 1;
			};
			name = Release;
		};
		B78DA4A324BED7DA00EE902B /* Debug */ = {
			isa = XCBuildConfiguration;
			buildSettings = {
				ALWAYS_EMBED_SWIFT_STANDARD_LIBRARIES = YES;
				BUNDLE_LOADER = "$(TEST_HOST)";
				CODE_SIGN_STYLE = Automatic;
				DEVELOPMENT_TEAM = QCHPCKX2RA;
				INFOPLIST_FILE = VinFastTests/Info.plist;
				IPHONEOS_DEPLOYMENT_TARGET = 14.0;
				LD_RUNPATH_SEARCH_PATHS = (
					"$(inherited)",
					"@executable_path/Frameworks",
					"@loader_path/Frameworks",
				);
				PRODUCT_BUNDLE_IDENTIFIER = amitydigital.VinFastAppTests;
				PRODUCT_NAME = "$(TARGET_NAME)";
				SUPPORTED_PLATFORMS = "iphoneos iphonesimulator";
				SUPPORTS_MACCATALYST = NO;
				SUPPORTS_MAC_DESIGNED_FOR_IPHONE_IPAD = YES;
				SWIFT_VERSION = 5.0;
				TARGETED_DEVICE_FAMILY = 1;
				TEST_HOST = "$(BUILT_PRODUCTS_DIR)/VinFast.app/VinFast";
			};
			name = Debug;
		};
		B78DA4A424BED7DA00EE902B /* Release */ = {
			isa = XCBuildConfiguration;
			buildSettings = {
				ALWAYS_EMBED_SWIFT_STANDARD_LIBRARIES = YES;
				BUNDLE_LOADER = "$(TEST_HOST)";
				CODE_SIGN_STYLE = Automatic;
				DEVELOPMENT_TEAM = QCHPCKX2RA;
				INFOPLIST_FILE = VinFastTests/Info.plist;
				IPHONEOS_DEPLOYMENT_TARGET = 14.0;
				LD_RUNPATH_SEARCH_PATHS = (
					"$(inherited)",
					"@executable_path/Frameworks",
					"@loader_path/Frameworks",
				);
				PRODUCT_BUNDLE_IDENTIFIER = amitydigital.VinFastAppTests;
				PRODUCT_NAME = "$(TARGET_NAME)";
				SUPPORTED_PLATFORMS = "iphoneos iphonesimulator";
				SUPPORTS_MACCATALYST = NO;
				SUPPORTS_MAC_DESIGNED_FOR_IPHONE_IPAD = YES;
				SWIFT_VERSION = 5.0;
				TARGETED_DEVICE_FAMILY = 1;
				TEST_HOST = "$(BUILT_PRODUCTS_DIR)/VinFast.app/VinFast";
			};
			name = Release;
		};
		B78DA4A624BED7DA00EE902B /* Debug */ = {
			isa = XCBuildConfiguration;
			buildSettings = {
				ALWAYS_EMBED_SWIFT_STANDARD_LIBRARIES = YES;
				CODE_SIGN_STYLE = Automatic;
				DEVELOPMENT_TEAM = L6PJ2PDM25;
				INFOPLIST_FILE = VinFastUITests/Info.plist;
				IPHONEOS_DEPLOYMENT_TARGET = 14.0;
				LD_RUNPATH_SEARCH_PATHS = (
					"$(inherited)",
					"@executable_path/Frameworks",
					"@loader_path/Frameworks",
				);
				PRODUCT_BUNDLE_IDENTIFIER = amitydigital.VinFastUITests;
				PRODUCT_NAME = "$(TARGET_NAME)";
				SUPPORTED_PLATFORMS = "iphoneos iphonesimulator";
				SUPPORTS_MACCATALYST = NO;
				SUPPORTS_MAC_DESIGNED_FOR_IPHONE_IPAD = YES;
				SWIFT_VERSION = 5.0;
				TARGETED_DEVICE_FAMILY = 1;
				TEST_TARGET_NAME = VinFast;
			};
			name = Debug;
		};
		B78DA4A724BED7DA00EE902B /* Release */ = {
			isa = XCBuildConfiguration;
			buildSettings = {
				ALWAYS_EMBED_SWIFT_STANDARD_LIBRARIES = YES;
				CODE_SIGN_STYLE = Automatic;
				DEVELOPMENT_TEAM = L6PJ2PDM25;
				INFOPLIST_FILE = VinFastUITests/Info.plist;
				IPHONEOS_DEPLOYMENT_TARGET = 14.0;
				LD_RUNPATH_SEARCH_PATHS = (
					"$(inherited)",
					"@executable_path/Frameworks",
					"@loader_path/Frameworks",
				);
				PRODUCT_BUNDLE_IDENTIFIER = amitydigital.VinFastUITests;
				PRODUCT_NAME = "$(TARGET_NAME)";
				SUPPORTED_PLATFORMS = "iphoneos iphonesimulator";
				SUPPORTS_MACCATALYST = NO;
				SUPPORTS_MAC_DESIGNED_FOR_IPHONE_IPAD = YES;
				SWIFT_VERSION = 5.0;
				TARGETED_DEVICE_FAMILY = 1;
				TEST_TARGET_NAME = VinFast;
			};
			name = Release;
		};
/* End XCBuildConfiguration section */

/* Begin XCConfigurationList section */
		B78DA47024BED7D300EE902B /* Build configuration list for PBXProject "VinFast" */ = {
			isa = XCConfigurationList;
			buildConfigurations = (
				B78DA49D24BED7DA00EE902B /* Debug */,
				B78DA49E24BED7DA00EE902B /* Release */,
			);
			defaultConfigurationIsVisible = 0;
			defaultConfigurationName = Release;
		};
		B78DA49F24BED7DA00EE902B /* Build configuration list for PBXNativeTarget "VinFast" */ = {
			isa = XCConfigurationList;
			buildConfigurations = (
				B78DA4A024BED7DA00EE902B /* Debug */,
				B78DA4A124BED7DA00EE902B /* Release */,
			);
			defaultConfigurationIsVisible = 0;
			defaultConfigurationName = Release;
		};
		B78DA4A224BED7DA00EE902B /* Build configuration list for PBXNativeTarget "VinFastTests" */ = {
			isa = XCConfigurationList;
			buildConfigurations = (
				B78DA4A324BED7DA00EE902B /* Debug */,
				B78DA4A424BED7DA00EE902B /* Release */,
			);
			defaultConfigurationIsVisible = 0;
			defaultConfigurationName = Release;
		};
		B78DA4A524BED7DA00EE902B /* Build configuration list for PBXNativeTarget "VinFastUITests" */ = {
			isa = XCConfigurationList;
			buildConfigurations = (
				B78DA4A624BED7DA00EE902B /* Debug */,
				B78DA4A724BED7DA00EE902B /* Release */,
			);
			defaultConfigurationIsVisible = 0;
			defaultConfigurationName = Release;
		};
/* End XCConfigurationList section */
	};
	rootObject = B78DA46D24BED7D300EE902B /* Project object */;
}
